// !$*UTF8*$!
{
	archiveVersion = 1;
	classes = {
	};
	objectVersion = 46;
	objects = {

/* Begin PBXBuildFile section */
		59000964171F03F7009A72A5 /* playlistSong.m in Sources */ = {isa = PBXBuildFile; fileRef = 59000963171F03F7009A72A5 /* playlistSong.m */; };
		59000967171F49EF009A72A5 /* 83-calendar.png in Resources */ = {isa = PBXBuildFile; fileRef = 59000965171F49EF009A72A5 /* 83-calendar.png */; };
		59000968171F49EF009A72A5 /* 83-calendar@2x.png in Resources */ = {isa = PBXBuildFile; fileRef = 59000966171F49EF009A72A5 /* 83-calendar@2x.png */; };
		5900098C1721328F009A72A5 /* SystemConfiguration.framework in Frameworks */ = {isa = PBXBuildFile; fileRef = 5900098B1721328F009A72A5 /* SystemConfiguration.framework */; };
		5900098D17213417009A72A5 /* Reachability.m in Sources */ = {isa = PBXBuildFile; fileRef = 5900098517211F4C009A72A5 /* Reachability.m */; settings = {COMPILER_FLAGS = " -fno-objc-arc"; }; };
		593D8C5B15DFE5FE00DA321D /* myplaybutton.png in Resources */ = {isa = PBXBuildFile; fileRef = 593D8C5A15DFE5FE00DA321D /* myplaybutton.png */; };
		593D8C5D15DFE60900DA321D /* myplaybutton@2x.png in Resources */ = {isa = PBXBuildFile; fileRef = 593D8C5C15DFE60900DA321D /* myplaybutton@2x.png */; };
		593D8C6015DFE72200DA321D /* mypausebutton.png in Resources */ = {isa = PBXBuildFile; fileRef = 593D8C5E15DFE72200DA321D /* mypausebutton.png */; };
		593D8C6115DFE72200DA321D /* mypausebutton@2x.png in Resources */ = {isa = PBXBuildFile; fileRef = 593D8C5F15DFE72200DA321D /* mypausebutton@2x.png */; };
		593D8C6315DFE9BE00DA321D /* Radio-Tower.png in Resources */ = {isa = PBXBuildFile; fileRef = 593D8C6215DFE9BE00DA321D /* Radio-Tower.png */; };
		593D8C6515DFE9DA00DA321D /* Radio-Tower@2x.png in Resources */ = {isa = PBXBuildFile; fileRef = 593D8C6415DFE9D900DA321D /* Radio-Tower@2x.png */; };
		595A42FF1625C8D600D0193D /* ISO8601DateFormatter.m in Sources */ = {isa = PBXBuildFile; fileRef = 595A42F91625C8D600D0193D /* ISO8601DateFormatter.m */; };
		595A43081625C8F200D0193D /* GoogCal.m in Sources */ = {isa = PBXBuildFile; fileRef = 595A43061625C8F200D0193D /* GoogCal.m */; };
		595A430B1625D6B600D0193D /* ProgrammViewController.m in Sources */ = {isa = PBXBuildFile; fileRef = 595A430A1625D6B600D0193D /* ProgrammViewController.m */; };
		595A431816271EBB00D0193D /* EventKit.framework in Frameworks */ = {isa = PBXBuildFile; fileRef = 595A431616271EBB00D0193D /* EventKit.framework */; };
		59697F6315C180E400B3650C /* UIKit.framework in Frameworks */ = {isa = PBXBuildFile; fileRef = 59697F6215C180E400B3650C /* UIKit.framework */; };
		59697F6515C180E400B3650C /* Foundation.framework in Frameworks */ = {isa = PBXBuildFile; fileRef = 59697F6415C180E400B3650C /* Foundation.framework */; };
		59697F6715C180E400B3650C /* CoreGraphics.framework in Frameworks */ = {isa = PBXBuildFile; fileRef = 59697F6615C180E400B3650C /* CoreGraphics.framework */; };
		59697F6F15C180E400B3650C /* main.m in Sources */ = {isa = PBXBuildFile; fileRef = 59697F6E15C180E400B3650C /* main.m */; };
		59697F7315C180E400B3650C /* AppDelegate.m in Sources */ = {isa = PBXBuildFile; fileRef = 59697F7215C180E400B3650C /* AppDelegate.m */; };
		59697F7915C180E400B3650C /* FirstViewController.m in Sources */ = {isa = PBXBuildFile; fileRef = 59697F7815C180E400B3650C /* FirstViewController.m */; };
		59697F8015C180E400B3650C /* TwitterViewController.m in Sources */ = {isa = PBXBuildFile; fileRef = 59697F7F15C180E400B3650C /* TwitterViewController.m */; };
		5979062815C7AEE20040DE72 /* playlistViewController.m in Sources */ = {isa = PBXBuildFile; fileRef = 5979062715C7AEE20040DE72 /* playlistViewController.m */; };
		597E5E5D173E30430056EFA5 /* albumCoverTriquency@2x.png in Resources */ = {isa = PBXBuildFile; fileRef = 597E5E5C173E30430056EFA5 /* albumCoverTriquency@2x.png */; };
		597E5E5F173E308B0056EFA5 /* albumCoverTriquency.png in Resources */ = {isa = PBXBuildFile; fileRef = 597E5E5E173E308B0056EFA5 /* albumCoverTriquency.png */; };
		59919F0F15C259B40000BD32 /* CFNetwork.framework in Frameworks */ = {isa = PBXBuildFile; fileRef = 59919F0E15C259B40000BD32 /* CFNetwork.framework */; };
		59919F1115C259BF0000BD32 /* MediaPlayer.framework in Frameworks */ = {isa = PBXBuildFile; fileRef = 59919F1015C259BF0000BD32 /* MediaPlayer.framework */; };
		59919F1315C259D00000BD32 /* AVFoundation.framework in Frameworks */ = {isa = PBXBuildFile; fileRef = 59919F1215C259D00000BD32 /* AVFoundation.framework */; };
		59919F1515C259E90000BD32 /* AudioToolbox.framework in Frameworks */ = {isa = PBXBuildFile; fileRef = 59919F1415C259E90000BD32 /* AudioToolbox.framework */; };
		599E90421721866900AAE6B1 /* arrowleft.png in Resources */ = {isa = PBXBuildFile; fileRef = 599E903F1721866900AAE6B1 /* arrowleft.png */; };
		599E90431721866900AAE6B1 /* arrowright.png in Resources */ = {isa = PBXBuildFile; fileRef = 599E90401721866900AAE6B1 /* arrowright.png */; };
		599E90441721866900AAE6B1 /* reload.png in Resources */ = {isa = PBXBuildFile; fileRef = 599E90411721866900AAE6B1 /* reload.png */; };
		599E90581721924B00AAE6B1 /* FacebookViewController.m in Sources */ = {isa = PBXBuildFile; fileRef = 599E90571721924B00AAE6B1 /* FacebookViewController.m */; };
		59B053C8173C32C100A48B51 /* f_logo.png in Resources */ = {isa = PBXBuildFile; fileRef = 59B053C7173C32C100A48B51 /* f_logo.png */; };
		59B053CA173C32D000A48B51 /* twitter-bird-light-bgs.png in Resources */ = {isa = PBXBuildFile; fileRef = 59B053C9173C32D000A48B51 /* twitter-bird-light-bgs.png */; };
		59B053DA173C386900A48B51 /* MainStoryboard.storyboard in Resources */ = {isa = PBXBuildFile; fileRef = 59B053DC173C386900A48B51 /* MainStoryboard.storyboard */; };
		59B053E8173C449000A48B51 /* Default-568hBG@2x.png in Resources */ = {isa = PBXBuildFile; fileRef = 59B053E7173C449000A48B51 /* Default-568hBG@2x.png */; };
		59B053EA173C494600A48B51 /* Default-568h@2x.png in Resources */ = {isa = PBXBuildFile; fileRef = 59B053E9173C494500A48B51 /* Default-568h@2x.png */; };
		59B053ED173CD45900A48B51 /* footer.png in Resources */ = {isa = PBXBuildFile; fileRef = 59B053EB173CD45800A48B51 /* footer.png */; };
		59B053EE173CD45900A48B51 /* footer@2x.png in Resources */ = {isa = PBXBuildFile; fileRef = 59B053EC173CD45900A48B51 /* footer@2x.png */; };
		59B053F1173CD5AC00A48B51 /* logoInfo.png in Resources */ = {isa = PBXBuildFile; fileRef = 59B053EF173CD5AC00A48B51 /* logoInfo.png */; };
		59B053F2173CD5AC00A48B51 /* logoInfo@2x.png in Resources */ = {isa = PBXBuildFile; fileRef = 59B053F0173CD5AC00A48B51 /* logoInfo@2x.png */; };
		59B6F166170CBF0200C71990 /* cell_bottom.png in Resources */ = {isa = PBXBuildFile; fileRef = 59B6F15F170CBF0200C71990 /* cell_bottom.png */; };
		59B6F167170CBF0200C71990 /* cell_bottom@2x.png in Resources */ = {isa = PBXBuildFile; fileRef = 59B6F160170CBF0200C71990 /* cell_bottom@2x.png */; };
		59B6F168170CBF0200C71990 /* cell_middle.png in Resources */ = {isa = PBXBuildFile; fileRef = 59B6F161170CBF0200C71990 /* cell_middle.png */; };
		59B6F169170CBF0200C71990 /* cell_middle@2x.png in Resources */ = {isa = PBXBuildFile; fileRef = 59B6F162170CBF0200C71990 /* cell_middle@2x.png */; };
		59B6F16A170CBF0200C71990 /* cell_top_tile.png in Resources */ = {isa = PBXBuildFile; fileRef = 59B6F163170CBF0200C71990 /* cell_top_tile.png */; };
		59B6F16B170CBF0200C71990 /* cell_top.png in Resources */ = {isa = PBXBuildFile; fileRef = 59B6F164170CBF0200C71990 /* cell_top.png */; };
		59B6F16C170CBF0200C71990 /* cell_top@2x.png in Resources */ = {isa = PBXBuildFile; fileRef = 59B6F165170CBF0200C71990 /* cell_top@2x.png */; };
		59B6F16F170CC04400C71990 /* subtle_carbon@2X.png in Resources */ = {isa = PBXBuildFile; fileRef = 59B6F16D170CC04400C71990 /* subtle_carbon@2X.png */; };
		59B6F170170CC04400C71990 /* subtle_carbon.png in Resources */ = {isa = PBXBuildFile; fileRef = 59B6F16E170CC04400C71990 /* subtle_carbon.png */; };
		59B6F179170CD38500C71990 /* Social.framework in Frameworks */ = {isa = PBXBuildFile; fileRef = 59B6F177170CD2EB00C71990 /* Social.framework */; settings = {ATTRIBUTES = (Weak, ); }; };
		59DE510C173C29D3008FD932 /* Localizable.strings in Resources */ = {isa = PBXBuildFile; fileRef = 59DE510E173C29D3008FD932 /* Localizable.strings */; };
		59E82DDF172E821000602D06 /* info.png in Resources */ = {isa = PBXBuildFile; fileRef = 59E82DDC172E821000602D06 /* info.png */; };
		59E82DE0172E821000602D06 /* info@2x.png in Resources */ = {isa = PBXBuildFile; fileRef = 59E82DDD172E821000602D06 /* info@2x.png */; };
		59E82DE4172E88B500602D06 /* Twitter.png in Resources */ = {isa = PBXBuildFile; fileRef = 59E82DE2172E88B400602D06 /* Twitter.png */; };
		59E82DE5172E88B500602D06 /* Twitter@2x.png in Resources */ = {isa = PBXBuildFile; fileRef = 59E82DE3172E88B400602D06 /* Twitter@2x.png */; };
		59E82DE8172E892700602D06 /* Facebook.png in Resources */ = {isa = PBXBuildFile; fileRef = 59E82DE6172E892700602D06 /* Facebook.png */; };
		59E82DE9172E892700602D06 /* Facebook@2x.png in Resources */ = {isa = PBXBuildFile; fileRef = 59E82DE7172E892700602D06 /* Facebook@2x.png */; };
		59E82DEB172E8FD100602D06 /* Icon.png in Resources */ = {isa = PBXBuildFile; fileRef = 59E82DEA172E8FD100602D06 /* Icon.png */; };
		59E82DED172E8FD800602D06 /* Icon@2x.png in Resources */ = {isa = PBXBuildFile; fileRef = 59E82DEC172E8FD800602D06 /* Icon@2x.png */; };
		59E82DF0172EBFC600602D06 /* mystopbutton.png in Resources */ = {isa = PBXBuildFile; fileRef = 59E82DEE172EBFC500602D06 /* mystopbutton.png */; };
		59E82DF1172EBFC600602D06 /* mystopbutton@2x.png in Resources */ = {isa = PBXBuildFile; fileRef = 59E82DEF172EBFC600602D06 /* mystopbutton@2x.png */; };
		59E82DF6173145FE00602D06 /* InfoViewController.m in Sources */ = {isa = PBXBuildFile; fileRef = 59E82DF5173145FD00602D06 /* InfoViewController.m */; };
		59ED02CC17219EFA00761F60 /* Calendar-iconTriquency.png in Resources */ = {isa = PBXBuildFile; fileRef = 59ED02CB17219EFA00761F60 /* Calendar-iconTriquency.png */; };
		59F418FB173A26AE00E214B8 /* 37x-Checkmark.png in Resources */ = {isa = PBXBuildFile; fileRef = 59F418F9173A26AE00E214B8 /* 37x-Checkmark.png */; };
		59F418FC173A26AE00E214B8 /* 37x-Checkmark@2x.png in Resources */ = {isa = PBXBuildFile; fileRef = 59F418FA173A26AE00E214B8 /* 37x-Checkmark@2x.png */; };
		59F418FF173A274800E214B8 /* MBProgressHUD.m in Sources */ = {isa = PBXBuildFile; fileRef = 59F418FE173A26BE00E214B8 /* MBProgressHUD.m */; };
		59F4190A173B9EE600E214B8 /* pause_btn@2x.png in Resources */ = {isa = PBXBuildFile; fileRef = 59F41908173B9EE500E214B8 /* pause_btn@2x.png */; };
		59F4190B173B9EE600E214B8 /* play_btn@2x.png in Resources */ = {isa = PBXBuildFile; fileRef = 59F41909173B9EE500E214B8 /* play_btn@2x.png */; };
		59F4190D173BA51E00E214B8 /* headerstart.png in Resources */ = {isa = PBXBuildFile; fileRef = 59F4190C173BA51E00E214B8 /* headerstart.png */; };
		59F41910173BB01C00E214B8 /* CKRefreshControl.m in Sources */ = {isa = PBXBuildFile; fileRef = 59F4190F173BAFED00E214B8 /* CKRefreshControl.m */; settings = {COMPILER_FLAGS = "-ObjC"; }; };
		59F41914173BB08E00E214B8 /* CKRefreshArrowView.m in Sources */ = {isa = PBXBuildFile; fileRef = 59F41912173BB07500E214B8 /* CKRefreshArrowView.m */; settings = {COMPILER_FLAGS = "-ObjC"; }; };
		59F41918173BB0E000E214B8 /* CKParagraphStyle.m in Sources */ = {isa = PBXBuildFile; fileRef = 59F41916173BB0BC00E214B8 /* CKParagraphStyle.m */; settings = {COMPILER_FLAGS = "-ObjC"; }; };
		59F4191F173BB23900E214B8 /* QuartzCore.framework in Frameworks */ = {isa = PBXBuildFile; fileRef = 5900097C172091FC009A72A5 /* QuartzCore.framework */; };
		59F41921173BB39E00E214B8 /* loading_btn@2x.png in Resources */ = {isa = PBXBuildFile; fileRef = 59F41920173BB39E00E214B8 /* loading_btn@2x.png */; };
		59F41923173BBAF400E214B8 /* loadingouter@2x.png in Resources */ = {isa = PBXBuildFile; fileRef = 59F41922173BBAF400E214B8 /* loadingouter@2x.png */; };
		59F41928173BCBFF00E214B8 /* loading_btn.png in Resources */ = {isa = PBXBuildFile; fileRef = 59F41924173BCBFE00E214B8 /* loading_btn.png */; };
		59F41929173BCBFF00E214B8 /* loadingouter.png in Resources */ = {isa = PBXBuildFile; fileRef = 59F41925173BCBFE00E214B8 /* loadingouter.png */; };
		59F4192A173BCBFF00E214B8 /* pause_btn.png in Resources */ = {isa = PBXBuildFile; fileRef = 59F41926173BCBFE00E214B8 /* pause_btn.png */; };
		59F4192B173BCBFF00E214B8 /* play_btn.png in Resources */ = {isa = PBXBuildFile; fileRef = 59F41927173BCBFF00E214B8 /* play_btn.png */; };
		59F41935173BE1B800E214B8 /* list_bullets_icon&24@2x.png in Resources */ = {isa = PBXBuildFile; fileRef = 59F41934173BE1B700E214B8 /* list_bullets_icon&24@2x.png */; };
		59F41937173BE1E100E214B8 /* list_bullets_icon&24.png in Resources */ = {isa = PBXBuildFile; fileRef = 59F41936173BE1E100E214B8 /* list_bullets_icon&24.png */; };
		59F4194E173BFFB300E214B8 /* DefaultBG.png in Resources */ = {isa = PBXBuildFile; fileRef = 59F4194C173BFFB300E214B8 /* DefaultBG.png */; };
		59F4194F173BFFB300E214B8 /* DefaultBG@2x.png in Resources */ = {isa = PBXBuildFile; fileRef = 59F4194D173BFFB300E214B8 /* DefaultBG@2x.png */; };
		59F41951173C000100E214B8 /* logoliveNu@2x.png in Resources */ = {isa = PBXBuildFile; fileRef = 59F41950173C000100E214B8 /* logoliveNu@2x.png */; };
		59F41953173C001900E214B8 /* logoliveNu.png in Resources */ = {isa = PBXBuildFile; fileRef = 59F41952173C001900E214B8 /* logoliveNu.png */; };
		59F4195A173C03C300E214B8 /* Default.png in Resources */ = {isa = PBXBuildFile; fileRef = 59F41958173C03C300E214B8 /* Default.png */; };
		59F4195B173C03C300E214B8 /* Default@2x.png in Resources */ = {isa = PBXBuildFile; fileRef = 59F41959173C03C300E214B8 /* Default@2x.png */; };
/* End PBXBuildFile section */

/* Begin PBXBuildRule section */
		591D79DB15C2C48200A662C9 /* PBXBuildRule */ = {
			isa = PBXBuildRule;
			compilerSpec = com.apple.compilers.proxy.script;
			fileType = text.plist;
			isEditable = 1;
			outputFiles = (
			);
			script = "# builtin-copyPlist\n";
		};
/* End PBXBuildRule section */

/* Begin PBXFileReference section */
		59000962171F03F7009A72A5 /* playlistSong.h */ = {isa = PBXFileReference; fileEncoding = 4; lastKnownFileType = sourcecode.c.h; path = playlistSong.h; sourceTree = "<group>"; };
		59000963171F03F7009A72A5 /* playlistSong.m */ = {isa = PBXFileReference; fileEncoding = 4; lastKnownFileType = sourcecode.c.objc; path = playlistSong.m; sourceTree = "<group>"; };
		59000965171F49EF009A72A5 /* 83-calendar.png */ = {isa = PBXFileReference; lastKnownFileType = image.png; path = "83-calendar.png"; sourceTree = "<group>"; };
		59000966171F49EF009A72A5 /* 83-calendar@2x.png */ = {isa = PBXFileReference; lastKnownFileType = image.png; path = "83-calendar@2x.png"; sourceTree = "<group>"; };
		5900097C172091FC009A72A5 /* QuartzCore.framework */ = {isa = PBXFileReference; lastKnownFileType = wrapper.framework; name = QuartzCore.framework; path = System/Library/Frameworks/QuartzCore.framework; sourceTree = SDKROOT; };
		5900098417211F4C009A72A5 /* Reachability.h */ = {isa = PBXFileReference; lastKnownFileType = sourcecode.c.h; path = Reachability.h; sourceTree = "<group>"; };
		5900098517211F4C009A72A5 /* Reachability.m */ = {isa = PBXFileReference; lastKnownFileType = sourcecode.c.objc; path = Reachability.m; sourceTree = "<group>"; };
		5900098B1721328F009A72A5 /* SystemConfiguration.framework */ = {isa = PBXFileReference; lastKnownFileType = wrapper.framework; name = SystemConfiguration.framework; path = System/Library/Frameworks/SystemConfiguration.framework; sourceTree = SDKROOT; };
		593D8C5A15DFE5FE00DA321D /* myplaybutton.png */ = {isa = PBXFileReference; lastKnownFileType = image.png; path = myplaybutton.png; sourceTree = "<group>"; };
		593D8C5C15DFE60900DA321D /* myplaybutton@2x.png */ = {isa = PBXFileReference; lastKnownFileType = image.png; path = "myplaybutton@2x.png"; sourceTree = "<group>"; };
		593D8C5E15DFE72200DA321D /* mypausebutton.png */ = {isa = PBXFileReference; lastKnownFileType = image.png; path = mypausebutton.png; sourceTree = "<group>"; };
		593D8C5F15DFE72200DA321D /* mypausebutton@2x.png */ = {isa = PBXFileReference; lastKnownFileType = image.png; path = "mypausebutton@2x.png"; sourceTree = "<group>"; };
		593D8C6215DFE9BE00DA321D /* Radio-Tower.png */ = {isa = PBXFileReference; lastKnownFileType = image.png; path = "Radio-Tower.png"; sourceTree = "<group>"; };
		593D8C6415DFE9D900DA321D /* Radio-Tower@2x.png */ = {isa = PBXFileReference; lastKnownFileType = image.png; path = "Radio-Tower@2x.png"; sourceTree = "<group>"; };
		595A42F81625C8D600D0193D /* ISO8601DateFormatter.h */ = {isa = PBXFileReference; fileEncoding = 4; lastKnownFileType = sourcecode.c.h; name = ISO8601DateFormatter.h; path = ../ISO8601DateFormatter.h; sourceTree = "<group>"; };
		595A42F91625C8D600D0193D /* ISO8601DateFormatter.m */ = {isa = PBXFileReference; fileEncoding = 4; lastKnownFileType = sourcecode.c.objc; name = ISO8601DateFormatter.m; path = ../ISO8601DateFormatter.m; sourceTree = "<group>"; };
		595A43051625C8F200D0193D /* GoogCal.h */ = {isa = PBXFileReference; fileEncoding = 4; lastKnownFileType = sourcecode.c.h; path = GoogCal.h; sourceTree = "<group>"; };
		595A43061625C8F200D0193D /* GoogCal.m */ = {isa = PBXFileReference; fileEncoding = 4; lastKnownFileType = sourcecode.c.objc; path = GoogCal.m; sourceTree = "<group>"; };
		595A43091625D6B600D0193D /* ProgrammViewController.h */ = {isa = PBXFileReference; fileEncoding = 4; lastKnownFileType = sourcecode.c.h; path = ProgrammViewController.h; sourceTree = "<group>"; };
		595A430A1625D6B600D0193D /* ProgrammViewController.m */ = {isa = PBXFileReference; fileEncoding = 4; lastKnownFileType = sourcecode.c.objc; path = ProgrammViewController.m; sourceTree = "<group>"; };
		595A431416271EB200D0193D /* SenTestingKit.framework */ = {isa = PBXFileReference; lastKnownFileType = wrapper.framework; name = SenTestingKit.framework; path = Library/Frameworks/SenTestingKit.framework; sourceTree = DEVELOPER_DIR; };
		595A431616271EBB00D0193D /* EventKit.framework */ = {isa = PBXFileReference; lastKnownFileType = wrapper.framework; name = EventKit.framework; path = System/Library/Frameworks/EventKit.framework; sourceTree = SDKROOT; };
		59697F5E15C180E400B3650C /* Triquency.app */ = {isa = PBXFileReference; explicitFileType = wrapper.application; includeInIndex = 0; path = Triquency.app; sourceTree = BUILT_PRODUCTS_DIR; };
		59697F6215C180E400B3650C /* UIKit.framework */ = {isa = PBXFileReference; lastKnownFileType = wrapper.framework; name = UIKit.framework; path = System/Library/Frameworks/UIKit.framework; sourceTree = SDKROOT; };
		59697F6415C180E400B3650C /* Foundation.framework */ = {isa = PBXFileReference; lastKnownFileType = wrapper.framework; name = Foundation.framework; path = System/Library/Frameworks/Foundation.framework; sourceTree = SDKROOT; };
		59697F6615C180E400B3650C /* CoreGraphics.framework */ = {isa = PBXFileReference; lastKnownFileType = wrapper.framework; name = CoreGraphics.framework; path = System/Library/Frameworks/CoreGraphics.framework; sourceTree = SDKROOT; };
		59697F6E15C180E400B3650C /* main.m */ = {isa = PBXFileReference; lastKnownFileType = sourcecode.c.objc; path = main.m; sourceTree = "<group>"; };
		59697F7015C180E400B3650C /* triquencyforiphone-Prefix.pch */ = {isa = PBXFileReference; lastKnownFileType = sourcecode.c.h; path = "triquencyforiphone-Prefix.pch"; sourceTree = "<group>"; };
		59697F7115C180E400B3650C /* AppDelegate.h */ = {isa = PBXFileReference; lastKnownFileType = sourcecode.c.h; path = AppDelegate.h; sourceTree = "<group>"; };
		59697F7215C180E400B3650C /* AppDelegate.m */ = {isa = PBXFileReference; lastKnownFileType = sourcecode.c.objc; path = AppDelegate.m; sourceTree = "<group>"; };
		59697F7715C180E400B3650C /* FirstViewController.h */ = {isa = PBXFileReference; lastKnownFileType = sourcecode.c.h; path = FirstViewController.h; sourceTree = "<group>"; };
		59697F7815C180E400B3650C /* FirstViewController.m */ = {isa = PBXFileReference; lastKnownFileType = sourcecode.c.objc; path = FirstViewController.m; sourceTree = "<group>"; };
		59697F7E15C180E400B3650C /* TwitterViewController.h */ = {isa = PBXFileReference; lastKnownFileType = sourcecode.c.h; path = TwitterViewController.h; sourceTree = "<group>"; };
		59697F7F15C180E400B3650C /* TwitterViewController.m */ = {isa = PBXFileReference; lastKnownFileType = sourcecode.c.objc; path = TwitterViewController.m; sourceTree = "<group>"; };
		5979062615C7AEE20040DE72 /* playlistViewController.h */ = {isa = PBXFileReference; fileEncoding = 4; lastKnownFileType = sourcecode.c.h; path = playlistViewController.h; sourceTree = "<group>"; };
		5979062715C7AEE20040DE72 /* playlistViewController.m */ = {isa = PBXFileReference; fileEncoding = 4; lastKnownFileType = sourcecode.c.objc; path = playlistViewController.m; sourceTree = "<group>"; };
		597E5E5C173E30430056EFA5 /* albumCoverTriquency@2x.png */ = {isa = PBXFileReference; lastKnownFileType = image.png; path = "albumCoverTriquency@2x.png"; sourceTree = "<group>"; };
		597E5E5E173E308B0056EFA5 /* albumCoverTriquency.png */ = {isa = PBXFileReference; lastKnownFileType = image.png; path = albumCoverTriquency.png; sourceTree = "<group>"; };
		59919F0E15C259B40000BD32 /* CFNetwork.framework */ = {isa = PBXFileReference; lastKnownFileType = wrapper.framework; name = CFNetwork.framework; path = System/Library/Frameworks/CFNetwork.framework; sourceTree = SDKROOT; };
		59919F1015C259BF0000BD32 /* MediaPlayer.framework */ = {isa = PBXFileReference; lastKnownFileType = wrapper.framework; name = MediaPlayer.framework; path = System/Library/Frameworks/MediaPlayer.framework; sourceTree = SDKROOT; };
		59919F1215C259D00000BD32 /* AVFoundation.framework */ = {isa = PBXFileReference; lastKnownFileType = wrapper.framework; name = AVFoundation.framework; path = System/Library/Frameworks/AVFoundation.framework; sourceTree = SDKROOT; };
		59919F1415C259E90000BD32 /* AudioToolbox.framework */ = {isa = PBXFileReference; lastKnownFileType = wrapper.framework; name = AudioToolbox.framework; path = System/Library/Frameworks/AudioToolbox.framework; sourceTree = SDKROOT; };
		599E903F1721866900AAE6B1 /* arrowleft.png */ = {isa = PBXFileReference; lastKnownFileType = image.png; path = arrowleft.png; sourceTree = "<group>"; };
		599E90401721866900AAE6B1 /* arrowright.png */ = {isa = PBXFileReference; lastKnownFileType = image.png; path = arrowright.png; sourceTree = "<group>"; };
		599E90411721866900AAE6B1 /* reload.png */ = {isa = PBXFileReference; lastKnownFileType = image.png; path = reload.png; sourceTree = "<group>"; };
		599E90561721924B00AAE6B1 /* FacebookViewController.h */ = {isa = PBXFileReference; fileEncoding = 4; lastKnownFileType = sourcecode.c.h; path = FacebookViewController.h; sourceTree = "<group>"; };
		599E90571721924B00AAE6B1 /* FacebookViewController.m */ = {isa = PBXFileReference; fileEncoding = 4; lastKnownFileType = sourcecode.c.objc; path = FacebookViewController.m; sourceTree = "<group>"; };
		59B053C7173C32C100A48B51 /* f_logo.png */ = {isa = PBXFileReference; lastKnownFileType = image.png; path = f_logo.png; sourceTree = "<group>"; };
		59B053C9173C32D000A48B51 /* twitter-bird-light-bgs.png */ = {isa = PBXFileReference; lastKnownFileType = image.png; path = "twitter-bird-light-bgs.png"; sourceTree = "<group>"; };
		59B053DB173C386900A48B51 /* en */ = {isa = PBXFileReference; lastKnownFileType = file.storyboard; name = en; path = en.lproj/MainStoryboard.storyboard; sourceTree = "<group>"; };
		59B053E2173C3F2000A48B51 /* de */ = {isa = PBXFileReference; lastKnownFileType = file.storyboard; name = de; path = de.lproj/MainStoryboard.storyboard; sourceTree = "<group>"; };
		59B053E7173C449000A48B51 /* Default-568hBG@2x.png */ = {isa = PBXFileReference; lastKnownFileType = image.png; path = "Default-568hBG@2x.png"; sourceTree = "<group>"; };
		59B053E9173C494500A48B51 /* Default-568h@2x.png */ = {isa = PBXFileReference; lastKnownFileType = image.png; path = "Default-568h@2x.png"; sourceTree = "<group>"; };
		59B053EB173CD45800A48B51 /* footer.png */ = {isa = PBXFileReference; lastKnownFileType = image.png; path = footer.png; sourceTree = "<group>"; };
		59B053EC173CD45900A48B51 /* footer@2x.png */ = {isa = PBXFileReference; lastKnownFileType = image.png; path = "footer@2x.png"; sourceTree = "<group>"; };
		59B053EF173CD5AC00A48B51 /* logoInfo.png */ = {isa = PBXFileReference; lastKnownFileType = image.png; path = logoInfo.png; sourceTree = "<group>"; };
		59B053F0173CD5AC00A48B51 /* logoInfo@2x.png */ = {isa = PBXFileReference; lastKnownFileType = image.png; path = "logoInfo@2x.png"; sourceTree = "<group>"; };
		59B6F15F170CBF0200C71990 /* cell_bottom.png */ = {isa = PBXFileReference; lastKnownFileType = image.png; path = cell_bottom.png; sourceTree = "<group>"; };
		59B6F160170CBF0200C71990 /* cell_bottom@2x.png */ = {isa = PBXFileReference; lastKnownFileType = image.png; path = "cell_bottom@2x.png"; sourceTree = "<group>"; };
		59B6F161170CBF0200C71990 /* cell_middle.png */ = {isa = PBXFileReference; lastKnownFileType = image.png; path = cell_middle.png; sourceTree = "<group>"; };
		59B6F162170CBF0200C71990 /* cell_middle@2x.png */ = {isa = PBXFileReference; lastKnownFileType = image.png; path = "cell_middle@2x.png"; sourceTree = "<group>"; };
		59B6F163170CBF0200C71990 /* cell_top_tile.png */ = {isa = PBXFileReference; lastKnownFileType = image.png; path = cell_top_tile.png; sourceTree = "<group>"; };
		59B6F164170CBF0200C71990 /* cell_top.png */ = {isa = PBXFileReference; lastKnownFileType = image.png; path = cell_top.png; sourceTree = "<group>"; };
		59B6F165170CBF0200C71990 /* cell_top@2x.png */ = {isa = PBXFileReference; lastKnownFileType = image.png; path = "cell_top@2x.png"; sourceTree = "<group>"; };
		59B6F16D170CC04400C71990 /* subtle_carbon@2X.png */ = {isa = PBXFileReference; lastKnownFileType = image.png; path = "subtle_carbon@2X.png"; sourceTree = "<group>"; };
		59B6F16E170CC04400C71990 /* subtle_carbon.png */ = {isa = PBXFileReference; lastKnownFileType = image.png; path = subtle_carbon.png; sourceTree = "<group>"; };
		59B6F177170CD2EB00C71990 /* Social.framework */ = {isa = PBXFileReference; lastKnownFileType = wrapper.framework; name = Social.framework; path = System/Library/Frameworks/Social.framework; sourceTree = SDKROOT; };
		59DE510D173C29D3008FD932 /* en */ = {isa = PBXFileReference; lastKnownFileType = text.plist.strings; name = en; path = en.lproj/Localizable.strings; sourceTree = "<group>"; };
		59DE5115173C2B2C008FD932 /* de */ = {isa = PBXFileReference; lastKnownFileType = text.plist.strings; name = de; path = de.lproj/Localizable.strings; sourceTree = "<group>"; };
		59DE5120173C2F9F008FD932 /* triquencyforiphone-Info.plist */ = {isa = PBXFileReference; fileEncoding = 4; lastKnownFileType = text.plist.xml; path = "triquencyforiphone-Info.plist"; sourceTree = "<group>"; };
		59E82DDC172E821000602D06 /* info.png */ = {isa = PBXFileReference; lastKnownFileType = image.png; path = info.png; sourceTree = "<group>"; };
		59E82DDD172E821000602D06 /* info@2x.png */ = {isa = PBXFileReference; lastKnownFileType = image.png; path = "info@2x.png"; sourceTree = "<group>"; };
		59E82DE2172E88B400602D06 /* Twitter.png */ = {isa = PBXFileReference; lastKnownFileType = image.png; path = Twitter.png; sourceTree = "<group>"; };
		59E82DE3172E88B400602D06 /* Twitter@2x.png */ = {isa = PBXFileReference; lastKnownFileType = image.png; path = "Twitter@2x.png"; sourceTree = "<group>"; };
		59E82DE6172E892700602D06 /* Facebook.png */ = {isa = PBXFileReference; lastKnownFileType = image.png; path = Facebook.png; sourceTree = "<group>"; };
		59E82DE7172E892700602D06 /* Facebook@2x.png */ = {isa = PBXFileReference; lastKnownFileType = image.png; path = "Facebook@2x.png"; sourceTree = "<group>"; };
		59E82DEA172E8FD100602D06 /* Icon.png */ = {isa = PBXFileReference; lastKnownFileType = image.png; path = Icon.png; sourceTree = "<group>"; };
		59E82DEC172E8FD800602D06 /* Icon@2x.png */ = {isa = PBXFileReference; lastKnownFileType = image.png; path = "Icon@2x.png"; sourceTree = "<group>"; };
		59E82DEE172EBFC500602D06 /* mystopbutton.png */ = {isa = PBXFileReference; lastKnownFileType = image.png; path = mystopbutton.png; sourceTree = "<group>"; };
		59E82DEF172EBFC600602D06 /* mystopbutton@2x.png */ = {isa = PBXFileReference; lastKnownFileType = image.png; path = "mystopbutton@2x.png"; sourceTree = "<group>"; };
		59E82DF4173145FD00602D06 /* InfoViewController.h */ = {isa = PBXFileReference; fileEncoding = 4; lastKnownFileType = sourcecode.c.h; path = InfoViewController.h; sourceTree = "<group>"; };
		59E82DF5173145FD00602D06 /* InfoViewController.m */ = {isa = PBXFileReference; fileEncoding = 4; lastKnownFileType = sourcecode.c.objc; path = InfoViewController.m; sourceTree = "<group>"; };
		59ED02CB17219EFA00761F60 /* Calendar-iconTriquency.png */ = {isa = PBXFileReference; lastKnownFileType = image.png; path = "Calendar-iconTriquency.png"; sourceTree = "<group>"; };
		59F418F9173A26AE00E214B8 /* 37x-Checkmark.png */ = {isa = PBXFileReference; lastKnownFileType = image.png; path = "37x-Checkmark.png"; sourceTree = "<group>"; };
		59F418FA173A26AE00E214B8 /* 37x-Checkmark@2x.png */ = {isa = PBXFileReference; lastKnownFileType = image.png; path = "37x-Checkmark@2x.png"; sourceTree = "<group>"; };
		59F418FD173A26BE00E214B8 /* MBProgressHUD.h */ = {isa = PBXFileReference; lastKnownFileType = sourcecode.c.h; path = MBProgressHUD.h; sourceTree = "<group>"; };
		59F418FE173A26BE00E214B8 /* MBProgressHUD.m */ = {isa = PBXFileReference; lastKnownFileType = sourcecode.c.objc; path = MBProgressHUD.m; sourceTree = "<group>"; };
		59F41908173B9EE500E214B8 /* pause_btn@2x.png */ = {isa = PBXFileReference; lastKnownFileType = image.png; path = "pause_btn@2x.png"; sourceTree = "<group>"; };
		59F41909173B9EE500E214B8 /* play_btn@2x.png */ = {isa = PBXFileReference; lastKnownFileType = image.png; path = "play_btn@2x.png"; sourceTree = "<group>"; };
		59F4190C173BA51E00E214B8 /* headerstart.png */ = {isa = PBXFileReference; lastKnownFileType = image.png; path = headerstart.png; sourceTree = "<group>"; };
		59F4190E173BAFEC00E214B8 /* CKRefreshControl.h */ = {isa = PBXFileReference; lastKnownFileType = sourcecode.c.h; path = CKRefreshControl.h; sourceTree = "<group>"; };
		59F4190F173BAFED00E214B8 /* CKRefreshControl.m */ = {isa = PBXFileReference; lastKnownFileType = sourcecode.c.objc; path = CKRefreshControl.m; sourceTree = "<group>"; };
		59F41911173BB07400E214B8 /* CKRefreshArrowView.h */ = {isa = PBXFileReference; lastKnownFileType = sourcecode.c.h; path = CKRefreshArrowView.h; sourceTree = "<group>"; };
		59F41912173BB07500E214B8 /* CKRefreshArrowView.m */ = {isa = PBXFileReference; lastKnownFileType = sourcecode.c.objc; path = CKRefreshArrowView.m; sourceTree = "<group>"; };
		59F41915173BB0BB00E214B8 /* CKParagraphStyle.h */ = {isa = PBXFileReference; lastKnownFileType = sourcecode.c.h; path = CKParagraphStyle.h; sourceTree = "<group>"; };
		59F41916173BB0BC00E214B8 /* CKParagraphStyle.m */ = {isa = PBXFileReference; lastKnownFileType = sourcecode.c.objc; path = CKParagraphStyle.m; sourceTree = "<group>"; };
		59F41917173BB0BC00E214B8 /* CKRefreshControl-Prefix.pch */ = {isa = PBXFileReference; lastKnownFileType = sourcecode.c.h; path = "CKRefreshControl-Prefix.pch"; sourceTree = "<group>"; };
		59F41920173BB39E00E214B8 /* loading_btn@2x.png */ = {isa = PBXFileReference; lastKnownFileType = image.png; path = "loading_btn@2x.png"; sourceTree = "<group>"; };
		59F41922173BBAF400E214B8 /* loadingouter@2x.png */ = {isa = PBXFileReference; lastKnownFileType = image.png; path = "loadingouter@2x.png"; sourceTree = "<group>"; };
		59F41924173BCBFE00E214B8 /* loading_btn.png */ = {isa = PBXFileReference; lastKnownFileType = image.png; path = loading_btn.png; sourceTree = "<group>"; };
		59F41925173BCBFE00E214B8 /* loadingouter.png */ = {isa = PBXFileReference; lastKnownFileType = image.png; path = loadingouter.png; sourceTree = "<group>"; };
		59F41926173BCBFE00E214B8 /* pause_btn.png */ = {isa = PBXFileReference; lastKnownFileType = image.png; path = pause_btn.png; sourceTree = "<group>"; };
		59F41927173BCBFF00E214B8 /* play_btn.png */ = {isa = PBXFileReference; lastKnownFileType = image.png; path = play_btn.png; sourceTree = "<group>"; };
		59F41934173BE1B700E214B8 /* list_bullets_icon&24@2x.png */ = {isa = PBXFileReference; lastKnownFileType = image.png; path = "list_bullets_icon&24@2x.png"; sourceTree = "<group>"; };
		59F41936173BE1E100E214B8 /* list_bullets_icon&24.png */ = {isa = PBXFileReference; lastKnownFileType = image.png; path = "list_bullets_icon&24.png"; sourceTree = "<group>"; };
		59F4194C173BFFB300E214B8 /* DefaultBG.png */ = {isa = PBXFileReference; lastKnownFileType = image.png; path = DefaultBG.png; sourceTree = "<group>"; };
		59F4194D173BFFB300E214B8 /* DefaultBG@2x.png */ = {isa = PBXFileReference; lastKnownFileType = image.png; path = "DefaultBG@2x.png"; sourceTree = "<group>"; };
		59F41950173C000100E214B8 /* logoliveNu@2x.png */ = {isa = PBXFileReference; lastKnownFileType = image.png; path = "logoliveNu@2x.png"; sourceTree = "<group>"; };
		59F41952173C001900E214B8 /* logoliveNu.png */ = {isa = PBXFileReference; lastKnownFileType = image.png; path = logoliveNu.png; sourceTree = "<group>"; };
		59F41958173C03C300E214B8 /* Default.png */ = {isa = PBXFileReference; lastKnownFileType = image.png; path = Default.png; sourceTree = "<group>"; };
		59F41959173C03C300E214B8 /* Default@2x.png */ = {isa = PBXFileReference; lastKnownFileType = image.png; path = "Default@2x.png"; sourceTree = "<group>"; };
/* End PBXFileReference section */

/* Begin PBXFrameworksBuildPhase section */
		59697F5B15C180E400B3650C /* Frameworks */ = {
			isa = PBXFrameworksBuildPhase;
			buildActionMask = 2147483647;
			files = (
				59F4191F173BB23900E214B8 /* QuartzCore.framework in Frameworks */,
				5900098C1721328F009A72A5 /* SystemConfiguration.framework in Frameworks */,
				59B6F179170CD38500C71990 /* Social.framework in Frameworks */,
				595A431816271EBB00D0193D /* EventKit.framework in Frameworks */,
				59919F1515C259E90000BD32 /* AudioToolbox.framework in Frameworks */,
				59919F1315C259D00000BD32 /* AVFoundation.framework in Frameworks */,
				59919F1115C259BF0000BD32 /* MediaPlayer.framework in Frameworks */,
				59919F0F15C259B40000BD32 /* CFNetwork.framework in Frameworks */,
				59697F6315C180E400B3650C /* UIKit.framework in Frameworks */,
				59697F6515C180E400B3650C /* Foundation.framework in Frameworks */,
				59697F6715C180E400B3650C /* CoreGraphics.framework in Frameworks */,
			);
			runOnlyForDeploymentPostprocessing = 0;
		};
/* End PBXFrameworksBuildPhase section */

/* Begin PBXGroup section */
		59697F5315C180E400B3650C = {
			isa = PBXGroup;
			children = (
				59919F2C15C25FE70000BD32 /* images */,
				59697F6815C180E400B3650C /* triquencyforiphone */,
				59697F6115C180E400B3650C /* Frameworks */,
				59697F5F15C180E400B3650C /* Products */,
			);
			sourceTree = "<group>";
			usesTabs = 0;
		};
		59697F5F15C180E400B3650C /* Products */ = {
			isa = PBXGroup;
			children = (
				59697F5E15C180E400B3650C /* Triquency.app */,
			);
			name = Products;
			sourceTree = "<group>";
		};
		59697F6115C180E400B3650C /* Frameworks */ = {
			isa = PBXGroup;
			children = (
				5900098B1721328F009A72A5 /* SystemConfiguration.framework */,
				5900097C172091FC009A72A5 /* QuartzCore.framework */,
				59B6F177170CD2EB00C71990 /* Social.framework */,
				595A431616271EBB00D0193D /* EventKit.framework */,
				595A431416271EB200D0193D /* SenTestingKit.framework */,
				59919F1415C259E90000BD32 /* AudioToolbox.framework */,
				59919F1215C259D00000BD32 /* AVFoundation.framework */,
				59919F1015C259BF0000BD32 /* MediaPlayer.framework */,
				59919F0E15C259B40000BD32 /* CFNetwork.framework */,
				59697F6215C180E400B3650C /* UIKit.framework */,
				59697F6415C180E400B3650C /* Foundation.framework */,
				59697F6615C180E400B3650C /* CoreGraphics.framework */,
			);
			name = Frameworks;
			sourceTree = "<group>";
		};
		59697F6815C180E400B3650C /* triquencyforiphone */ = {
			isa = PBXGroup;
			children = (
				59B053DC173C386900A48B51 /* MainStoryboard.storyboard */,
				59697F7115C180E400B3650C /* AppDelegate.h */,
				59697F7215C180E400B3650C /* AppDelegate.m */,
				59697F7715C180E400B3650C /* FirstViewController.h */,
				59697F7815C180E400B3650C /* FirstViewController.m */,
				59697F7E15C180E400B3650C /* TwitterViewController.h */,
				59697F7F15C180E400B3650C /* TwitterViewController.m */,
				5979062615C7AEE20040DE72 /* playlistViewController.h */,
				5979062715C7AEE20040DE72 /* playlistViewController.m */,
				599E90561721924B00AAE6B1 /* FacebookViewController.h */,
				599E90571721924B00AAE6B1 /* FacebookViewController.m */,
				595A43091625D6B600D0193D /* ProgrammViewController.h */,
				595A430A1625D6B600D0193D /* ProgrammViewController.m */,
				59E82DF4173145FD00602D06 /* InfoViewController.h */,
				59E82DF5173145FD00602D06 /* InfoViewController.m */,
				59697F6915C180E400B3650C /* Supporting Files */,
			);
			path = triquencyforiphone;
			sourceTree = "<group>";
		};
		59697F6915C180E400B3650C /* Supporting Files */ = {
			isa = PBXGroup;
			children = (
				59F4190E173BAFEC00E214B8 /* CKRefreshControl.h */,
				59F4190F173BAFED00E214B8 /* CKRefreshControl.m */,
				59F41911173BB07400E214B8 /* CKRefreshArrowView.h */,
				59F41912173BB07500E214B8 /* CKRefreshArrowView.m */,
				59F41915173BB0BB00E214B8 /* CKParagraphStyle.h */,
				59DE510E173C29D3008FD932 /* Localizable.strings */,
				59F41916173BB0BC00E214B8 /* CKParagraphStyle.m */,
				59F41917173BB0BC00E214B8 /* CKRefreshControl-Prefix.pch */,
				59000962171F03F7009A72A5 /* playlistSong.h */,
				59000963171F03F7009A72A5 /* playlistSong.m */,
				595A43051625C8F200D0193D /* GoogCal.h */,
				595A43061625C8F200D0193D /* GoogCal.m */,
				59DE5120173C2F9F008FD932 /* triquencyforiphone-Info.plist */,
				59F418FD173A26BE00E214B8 /* MBProgressHUD.h */,
				59F418FE173A26BE00E214B8 /* MBProgressHUD.m */,
				5900098417211F4C009A72A5 /* Reachability.h */,
				5900098517211F4C009A72A5 /* Reachability.m */,
				595A42F81625C8D600D0193D /* ISO8601DateFormatter.h */,
				595A42F91625C8D600D0193D /* ISO8601DateFormatter.m */,
				59697F6E15C180E400B3650C /* main.m */,
				59697F7015C180E400B3650C /* triquencyforiphone-Prefix.pch */,
			);
			name = "Supporting Files";
			sourceTree = "<group>";
		};
		59919F2C15C25FE70000BD32 /* images */ = {
			isa = PBXGroup;
			children = (
				59F41936173BE1E100E214B8 /* list_bullets_icon&24.png */,
				59F41934173BE1B700E214B8 /* list_bullets_icon&24@2x.png */,
				59B053C7173C32C100A48B51 /* f_logo.png */,
				59B053EB173CD45800A48B51 /* footer.png */,
				59B053EC173CD45900A48B51 /* footer@2x.png */,
				59B053C9173C32D000A48B51 /* twitter-bird-light-bgs.png */,
				59F41922173BBAF400E214B8 /* loadingouter@2x.png */,
				59F41924173BCBFE00E214B8 /* loading_btn.png */,
				59F41925173BCBFE00E214B8 /* loadingouter.png */,
				59F41926173BCBFE00E214B8 /* pause_btn.png */,
				59F41927173BCBFF00E214B8 /* play_btn.png */,
				59F41920173BB39E00E214B8 /* loading_btn@2x.png */,
				59F41908173B9EE500E214B8 /* pause_btn@2x.png */,
				59F41909173B9EE500E214B8 /* play_btn@2x.png */,
				59F418F9173A26AE00E214B8 /* 37x-Checkmark.png */,
				59F418FA173A26AE00E214B8 /* 37x-Checkmark@2x.png */,
				59E82DEC172E8FD800602D06 /* Icon@2x.png */,
				59E82DEA172E8FD100602D06 /* Icon.png */,
				59ED02CB17219EFA00761F60 /* Calendar-iconTriquency.png */,
				59B6F15F170CBF0200C71990 /* cell_bottom.png */,
				59B053E7173C449000A48B51 /* Default-568hBG@2x.png */,
				59B053E9173C494500A48B51 /* Default-568h@2x.png */,
				59E82DE2172E88B400602D06 /* Twitter.png */,
				59E82DE3172E88B400602D06 /* Twitter@2x.png */,
				59B6F160170CBF0200C71990 /* cell_bottom@2x.png */,
				59B6F161170CBF0200C71990 /* cell_middle.png */,
				59B6F162170CBF0200C71990 /* cell_middle@2x.png */,
				59B6F163170CBF0200C71990 /* cell_top_tile.png */,
				59B6F164170CBF0200C71990 /* cell_top.png */,
				59E82DE6172E892700602D06 /* Facebook.png */,
				59E82DE7172E892700602D06 /* Facebook@2x.png */,
				59B6F165170CBF0200C71990 /* cell_top@2x.png */,
				597E5E5C173E30430056EFA5 /* albumCoverTriquency@2x.png */,
				597E5E5E173E308B0056EFA5 /* albumCoverTriquency.png */,
				59F41958173C03C300E214B8 /* Default.png */,
				59F41959173C03C300E214B8 /* Default@2x.png */,
				59F4194C173BFFB300E214B8 /* DefaultBG.png */,
				59F4194D173BFFB300E214B8 /* DefaultBG@2x.png */,
				593D8C5A15DFE5FE00DA321D /* myplaybutton.png */,
				59E82DEE172EBFC500602D06 /* mystopbutton.png */,
				59E82DEF172EBFC600602D06 /* mystopbutton@2x.png */,
				593D8C5C15DFE60900DA321D /* myplaybutton@2x.png */,
				593D8C5E15DFE72200DA321D /* mypausebutton.png */,
				59B6F16D170CC04400C71990 /* subtle_carbon@2X.png */,
				59F4190C173BA51E00E214B8 /* headerstart.png */,
				59B6F16E170CC04400C71990 /* subtle_carbon.png */,
				593D8C5F15DFE72200DA321D /* mypausebutton@2x.png */,
				599E903F1721866900AAE6B1 /* arrowleft.png */,
				59E82DDC172E821000602D06 /* info.png */,
				59E82DDD172E821000602D06 /* info@2x.png */,
				599E90401721866900AAE6B1 /* arrowright.png */,
				599E90411721866900AAE6B1 /* reload.png */,
				59000965171F49EF009A72A5 /* 83-calendar.png */,
				59000966171F49EF009A72A5 /* 83-calendar@2x.png */,
				593D8C6215DFE9BE00DA321D /* Radio-Tower.png */,
				593D8C6415DFE9D900DA321D /* Radio-Tower@2x.png */,
				59F41950173C000100E214B8 /* logoliveNu@2x.png */,
				59F41952173C001900E214B8 /* logoliveNu.png */,
				59B053EF173CD5AC00A48B51 /* logoInfo.png */,
				59B053F0173CD5AC00A48B51 /* logoInfo@2x.png */,
			);
			name = images;
			sourceTree = "<group>";
		};
/* End PBXGroup section */

/* Begin PBXNativeTarget section */
		59697F5D15C180E400B3650C /* triquencyforiphone */ = {
			isa = PBXNativeTarget;
			buildConfigurationList = 59697F8715C180E400B3650C /* Build configuration list for PBXNativeTarget "triquencyforiphone" */;
			buildPhases = (
				59697F5A15C180E400B3650C /* Sources */,
				59697F5B15C180E400B3650C /* Frameworks */,
				59697F5C15C180E400B3650C /* Resources */,
			);
			buildRules = (
				591D79DB15C2C48200A662C9 /* PBXBuildRule */,
			);
			dependencies = (
			);
			name = triquencyforiphone;
			productName = triquencyforiphone;
			productReference = 59697F5E15C180E400B3650C /* Triquency.app */;
			productType = "com.apple.product-type.application";
		};
/* End PBXNativeTarget section */

/* Begin PBXProject section */
		59697F5515C180E400B3650C /* Project object */ = {
			isa = PBXProject;
			attributes = {
				LastUpgradeCheck = 0460;
				ORGANIZATIONNAME = "Christoph Wolff";
			};
			buildConfigurationList = 59697F5815C180E400B3650C /* Build configuration list for PBXProject "triquencyforiphone" */;
			compatibilityVersion = "Xcode 3.2";
			developmentRegion = English;
			hasScannedForEncodings = 0;
			knownRegions = (
				en,
				de,
				Base,
			);
			mainGroup = 59697F5315C180E400B3650C;
			productRefGroup = 59697F5F15C180E400B3650C /* Products */;
			projectDirPath = "";
			projectRoot = "";
			targets = (
				59697F5D15C180E400B3650C /* triquencyforiphone */,
			);
		};
/* End PBXProject section */

/* Begin PBXResourcesBuildPhase section */
		59697F5C15C180E400B3650C /* Resources */ = {
			isa = PBXResourcesBuildPhase;
			buildActionMask = 2147483647;
			files = (
				593D8C5B15DFE5FE00DA321D /* myplaybutton.png in Resources */,
				593D8C5D15DFE60900DA321D /* myplaybutton@2x.png in Resources */,
				593D8C6015DFE72200DA321D /* mypausebutton.png in Resources */,
				593D8C6115DFE72200DA321D /* mypausebutton@2x.png in Resources */,
				593D8C6315DFE9BE00DA321D /* Radio-Tower.png in Resources */,
				593D8C6515DFE9DA00DA321D /* Radio-Tower@2x.png in Resources */,
				59B6F166170CBF0200C71990 /* cell_bottom.png in Resources */,
				59B6F167170CBF0200C71990 /* cell_bottom@2x.png in Resources */,
				59B6F168170CBF0200C71990 /* cell_middle.png in Resources */,
				59B6F169170CBF0200C71990 /* cell_middle@2x.png in Resources */,
				59B6F16A170CBF0200C71990 /* cell_top_tile.png in Resources */,
				59B6F16B170CBF0200C71990 /* cell_top.png in Resources */,
				59B6F16C170CBF0200C71990 /* cell_top@2x.png in Resources */,
				59B6F16F170CC04400C71990 /* subtle_carbon@2X.png in Resources */,
				59B6F170170CC04400C71990 /* subtle_carbon.png in Resources */,
				59000967171F49EF009A72A5 /* 83-calendar.png in Resources */,
				59000968171F49EF009A72A5 /* 83-calendar@2x.png in Resources */,
				599E90421721866900AAE6B1 /* arrowleft.png in Resources */,
				599E90431721866900AAE6B1 /* arrowright.png in Resources */,
				599E90441721866900AAE6B1 /* reload.png in Resources */,
				59ED02CC17219EFA00761F60 /* Calendar-iconTriquency.png in Resources */,
				59E82DDF172E821000602D06 /* info.png in Resources */,
				59E82DE0172E821000602D06 /* info@2x.png in Resources */,
				59E82DE4172E88B500602D06 /* Twitter.png in Resources */,
				59E82DE5172E88B500602D06 /* Twitter@2x.png in Resources */,
				59E82DE8172E892700602D06 /* Facebook.png in Resources */,
				59E82DE9172E892700602D06 /* Facebook@2x.png in Resources */,
				59E82DEB172E8FD100602D06 /* Icon.png in Resources */,
				59E82DED172E8FD800602D06 /* Icon@2x.png in Resources */,
				59E82DF0172EBFC600602D06 /* mystopbutton.png in Resources */,
				59E82DF1172EBFC600602D06 /* mystopbutton@2x.png in Resources */,
				59F418FB173A26AE00E214B8 /* 37x-Checkmark.png in Resources */,
				59F418FC173A26AE00E214B8 /* 37x-Checkmark@2x.png in Resources */,
				59F4190A173B9EE600E214B8 /* pause_btn@2x.png in Resources */,
				59F4190B173B9EE600E214B8 /* play_btn@2x.png in Resources */,
				59F4190D173BA51E00E214B8 /* headerstart.png in Resources */,
				59F41921173BB39E00E214B8 /* loading_btn@2x.png in Resources */,
				59F41923173BBAF400E214B8 /* loadingouter@2x.png in Resources */,
				59F41928173BCBFF00E214B8 /* loading_btn.png in Resources */,
				59F41929173BCBFF00E214B8 /* loadingouter.png in Resources */,
				59F4192A173BCBFF00E214B8 /* pause_btn.png in Resources */,
				59F4192B173BCBFF00E214B8 /* play_btn.png in Resources */,
				59F41935173BE1B800E214B8 /* list_bullets_icon&24@2x.png in Resources */,
				59F41937173BE1E100E214B8 /* list_bullets_icon&24.png in Resources */,
				59F4194E173BFFB300E214B8 /* DefaultBG.png in Resources */,
				59F4194F173BFFB300E214B8 /* DefaultBG@2x.png in Resources */,
				59F41951173C000100E214B8 /* logoliveNu@2x.png in Resources */,
				59F41953173C001900E214B8 /* logoliveNu.png in Resources */,
				59F4195A173C03C300E214B8 /* Default.png in Resources */,
				59F4195B173C03C300E214B8 /* Default@2x.png in Resources */,
				59DE510C173C29D3008FD932 /* Localizable.strings in Resources */,
				59B053C8173C32C100A48B51 /* f_logo.png in Resources */,
				59B053CA173C32D000A48B51 /* twitter-bird-light-bgs.png in Resources */,
				59B053DA173C386900A48B51 /* MainStoryboard.storyboard in Resources */,
				59B053E8173C449000A48B51 /* Default-568hBG@2x.png in Resources */,
				59B053EA173C494600A48B51 /* Default-568h@2x.png in Resources */,
				59B053ED173CD45900A48B51 /* footer.png in Resources */,
				59B053EE173CD45900A48B51 /* footer@2x.png in Resources */,
				59B053F1173CD5AC00A48B51 /* logoInfo.png in Resources */,
				59B053F2173CD5AC00A48B51 /* logoInfo@2x.png in Resources */,
				597E5E5D173E30430056EFA5 /* albumCoverTriquency@2x.png in Resources */,
				597E5E5F173E308B0056EFA5 /* albumCoverTriquency.png in Resources */,
			);
			runOnlyForDeploymentPostprocessing = 0;
		};
/* End PBXResourcesBuildPhase section */

/* Begin PBXSourcesBuildPhase section */
		59697F5A15C180E400B3650C /* Sources */ = {
			isa = PBXSourcesBuildPhase;
			buildActionMask = 2147483647;
			files = (
				59F41918173BB0E000E214B8 /* CKParagraphStyle.m in Sources */,
				59F41914173BB08E00E214B8 /* CKRefreshArrowView.m in Sources */,
				59F41910173BB01C00E214B8 /* CKRefreshControl.m in Sources */,
				59F418FF173A274800E214B8 /* MBProgressHUD.m in Sources */,
				5900098D17213417009A72A5 /* Reachability.m in Sources */,
				59697F6F15C180E400B3650C /* main.m in Sources */,
				59697F7315C180E400B3650C /* AppDelegate.m in Sources */,
				59697F7915C180E400B3650C /* FirstViewController.m in Sources */,
				59697F8015C180E400B3650C /* TwitterViewController.m in Sources */,
				5979062815C7AEE20040DE72 /* playlistViewController.m in Sources */,
				595A42FF1625C8D600D0193D /* ISO8601DateFormatter.m in Sources */,
				595A43081625C8F200D0193D /* GoogCal.m in Sources */,
				595A430B1625D6B600D0193D /* ProgrammViewController.m in Sources */,
				59000964171F03F7009A72A5 /* playlistSong.m in Sources */,
				599E90581721924B00AAE6B1 /* FacebookViewController.m in Sources */,
				59E82DF6173145FE00602D06 /* InfoViewController.m in Sources */,
			);
			runOnlyForDeploymentPostprocessing = 0;
		};
/* End PBXSourcesBuildPhase section */

/* Begin PBXVariantGroup section */
		59B053DC173C386900A48B51 /* MainStoryboard.storyboard */ = {
			isa = PBXVariantGroup;
			children = (
				59B053DB173C386900A48B51 /* en */,
				59B053E2173C3F2000A48B51 /* de */,
			);
			name = MainStoryboard.storyboard;
			sourceTree = "<group>";
		};
		59DE510E173C29D3008FD932 /* Localizable.strings */ = {
			isa = PBXVariantGroup;
			children = (
				59DE510D173C29D3008FD932 /* en */,
				59DE5115173C2B2C008FD932 /* de */,
			);
			name = Localizable.strings;
			sourceTree = "<group>";
		};
/* End PBXVariantGroup section */

/* Begin XCBuildConfiguration section */
		59697F8515C180E400B3650C /* Debug */ = {
			isa = XCBuildConfiguration;
			buildSettings = {
				ALWAYS_SEARCH_USER_PATHS = NO;
				ARCHS = "$(ARCHS_STANDARD_32_BIT)";
				CLANG_CXX_LANGUAGE_STANDARD = "gnu++0x";
				CLANG_ENABLE_OBJC_ARC = YES;
				CLANG_WARN_CONSTANT_CONVERSION = YES;
				CLANG_WARN_ENUM_CONVERSION = YES;
				CLANG_WARN_INT_CONVERSION = YES;
				CLANG_WARN__DUPLICATE_METHOD_MATCH = YES;
				CODE_SIGN_IDENTITY = "iPhone Developer: Christoph Wolff (47PT4L2R6D)";
				"CODE_SIGN_IDENTITY[sdk=iphoneos*]" = "iPhone Developer";
				COPY_PHASE_STRIP = NO;
				GCC_C_LANGUAGE_STANDARD = gnu99;
				GCC_DYNAMIC_NO_PIC = NO;
				GCC_OPTIMIZATION_LEVEL = 0;
				GCC_PREPROCESSOR_DEFINITIONS = (
					"DEBUG=1",
					"$(inherited)",
				);
				GCC_SYMBOLS_PRIVATE_EXTERN = NO;
				GCC_VERSION = com.apple.compilers.llvm.clang.1_0;
				GCC_WARN_ABOUT_RETURN_TYPE = YES;
				GCC_WARN_UNINITIALIZED_AUTOS = YES;
				GCC_WARN_UNUSED_VARIABLE = YES;
				IPHONEOS_DEPLOYMENT_TARGET = 5.0;
				PROVISIONING_PROFILE = "9CCB37B3-8737-4A16-88EC-3B8C06F218F2";
				SDKROOT = iphoneos;
			};
			name = Debug;
		};
		59697F8615C180E400B3650C /* Release */ = {
			isa = XCBuildConfiguration;
			buildSettings = {
				ALWAYS_SEARCH_USER_PATHS = NO;
				ARCHS = "$(ARCHS_STANDARD_32_BIT)";
				CLANG_CXX_LANGUAGE_STANDARD = "gnu++0x";
				CLANG_ENABLE_OBJC_ARC = YES;
				CLANG_WARN_CONSTANT_CONVERSION = YES;
				CLANG_WARN_ENUM_CONVERSION = YES;
				CLANG_WARN_INT_CONVERSION = YES;
				CLANG_WARN__DUPLICATE_METHOD_MATCH = YES;
				CODE_SIGN_IDENTITY = "iPhone Developer: Christoph Wolff (47PT4L2R6D)";
				"CODE_SIGN_IDENTITY[sdk=iphoneos*]" = "iPhone Distribution";
				COPY_PHASE_STRIP = YES;
				GCC_C_LANGUAGE_STANDARD = gnu99;
				GCC_VERSION = com.apple.compilers.llvm.clang.1_0;
				GCC_WARN_ABOUT_RETURN_TYPE = YES;
				GCC_WARN_UNINITIALIZED_AUTOS = YES;
				GCC_WARN_UNUSED_VARIABLE = YES;
				IPHONEOS_DEPLOYMENT_TARGET = 5.0;
				OTHER_CFLAGS = "-DNS_BLOCK_ASSERTIONS=1";
				PROVISIONING_PROFILE = "9CCB37B3-8737-4A16-88EC-3B8C06F218F2";
				"PROVISIONING_PROFILE[sdk=iphoneos*]" = "";
				SDKROOT = iphoneos;
				VALIDATE_PRODUCT = YES;
			};
			name = Release;
		};
		59697F8815C180E400B3650C /* Debug */ = {
			isa = XCBuildConfiguration;
			buildSettings = {
				CODE_SIGN_IDENTITY = "iPhone Developer: Christoph Wolff (47PT4L2R6D)";
				"CODE_SIGN_IDENTITY[sdk=iphoneos*]" = "iPhone Developer: Christoph Wolff (47PT4L2R6D)";
				FRAMEWORK_SEARCH_PATHS = (
					"$(inherited)",
					"\"$(SYSTEM_APPS_DIR)/Xcode.app/Contents/Developer/Library/Frameworks\"",
				);
				GCC_PRECOMPILE_PREFIX_HEADER = YES;
				GCC_PREFIX_HEADER = "triquencyforiphone/triquencyforiphone-Prefix.pch";
				INFOPLIST_FILE = "triquencyforiphone/triquencyforiphone-Info.plist";
				IPHONEOS_DEPLOYMENT_TARGET = 5.0;
				MACH_O_TYPE = mh_execute;
				OTHER_LDFLAGS = "-ObjC";
				PRODUCT_NAME = Triquency;
				PROVISIONING_PROFILE = "7F546257-00B2-4935-A928-D6AA4694E060";
				"PROVISIONING_PROFILE[sdk=iphoneos*]" = "7F546257-00B2-4935-A928-D6AA4694E060";
				TARGETED_DEVICE_FAMILY = 1;
				WRAPPER_EXTENSION = app;
			};
			name = Debug;
		};
		59697F8915C180E400B3650C /* Release */ = {
			isa = XCBuildConfiguration;
			buildSettings = {
				CODE_SIGN_IDENTITY = "iPhone Developer: Christoph Wolff (47PT4L2R6D)";
				"CODE_SIGN_IDENTITY[sdk=iphoneos*]" = "iPhone Developer: Christoph Wolff (47PT4L2R6D)";
				FRAMEWORK_SEARCH_PATHS = (
					"$(inherited)",
					"\"$(SYSTEM_APPS_DIR)/Xcode.app/Contents/Developer/Library/Frameworks\"",
				);
				GCC_PRECOMPILE_PREFIX_HEADER = YES;
				GCC_PREFIX_HEADER = "triquencyforiphone/triquencyforiphone-Prefix.pch";
				INFOPLIST_FILE = "triquencyforiphone/triquencyforiphone-Info.plist";
				IPHONEOS_DEPLOYMENT_TARGET = 5.0;
				MACH_O_TYPE = mh_execute;
				OTHER_LDFLAGS = "-ObjC";
				PRODUCT_NAME = Triquency;
				PROVISIONING_PROFILE = "7F546257-00B2-4935-A928-D6AA4694E060";
				"PROVISIONING_PROFILE[sdk=iphoneos*]" = "7F546257-00B2-4935-A928-D6AA4694E060";
				TARGETED_DEVICE_FAMILY = 1;
				WRAPPER_EXTENSION = app;
			};
			name = Release;
		};
/* End XCBuildConfiguration section */

/* Begin XCConfigurationList section */
		59697F5815C180E400B3650C /* Build configuration list for PBXProject "triquencyforiphone" */ = {
			isa = XCConfigurationList;
			buildConfigurations = (
				59697F8515C180E400B3650C /* Debug */,
				59697F8615C180E400B3650C /* Release */,
			);
			defaultConfigurationIsVisible = 0;
			defaultConfigurationName = Release;
		};
		59697F8715C180E400B3650C /* Build configuration list for PBXNativeTarget "triquencyforiphone" */ = {
			isa = XCConfigurationList;
			buildConfigurations = (
				59697F8815C180E400B3650C /* Debug */,
				59697F8915C180E400B3650C /* Release */,
			);
			defaultConfigurationIsVisible = 0;
			defaultConfigurationName = Release;
		};
/* End XCConfigurationList section */
	};
	rootObject = 59697F5515C180E400B3650C /* Project object */;
}
