// !$*UTF8*$!
{
	archiveVersion = 1;
	classes = {
	};
	objectVersion = 46;
	objects = {

/* Begin PBXBuildFile section */
		59000964171F03F7009A72A5 /* playlistSong.m in Sources */ = {isa = PBXBuildFile; fileRef = 59000963171F03F7009A72A5 /* playlistSong.m */; };
		5900098C1721328F009A72A5 /* SystemConfiguration.framework in Frameworks */ = {isa = PBXBuildFile; fileRef = 5900098B1721328F009A72A5 /* SystemConfiguration.framework */; };
		5900098D17213417009A72A5 /* Reachability.m in Sources */ = {isa = PBXBuildFile; fileRef = 5900098517211F4C009A72A5 /* Reachability.m */; settings = {COMPILER_FLAGS = " -fno-objc-arc"; }; };
		59429CA9174437D000288D1A /* list_bullets_icon&24.png in Resources */ = {isa = PBXBuildFile; fileRef = 59429CA7174437D000288D1A /* list_bullets_icon&24.png */; };
		59429CAA174437D000288D1A /* list_bullets_icon&24@2x.png in Resources */ = {isa = PBXBuildFile; fileRef = 59429CA8174437D000288D1A /* list_bullets_icon&24@2x.png */; };
		59429CEF174437F700288D1A /* albumCoverTriquency.png in Resources */ = {isa = PBXBuildFile; fileRef = 59429CAB174437F700288D1A /* albumCoverTriquency.png */; };
		59429CF0174437F700288D1A /* albumCoverTriquency@2x.png in Resources */ = {isa = PBXBuildFile; fileRef = 59429CAC174437F700288D1A /* albumCoverTriquency@2x.png */; };
		59429CF1174437F700288D1A /* logoInfo.png in Resources */ = {isa = PBXBuildFile; fileRef = 59429CAD174437F700288D1A /* logoInfo.png */; };
		59429CF2174437F700288D1A /* logoInfo@2x.png in Resources */ = {isa = PBXBuildFile; fileRef = 59429CAE174437F700288D1A /* logoInfo@2x.png */; };
		59429CF3174437F700288D1A /* footer.png in Resources */ = {isa = PBXBuildFile; fileRef = 59429CAF174437F700288D1A /* footer.png */; };
		59429CF4174437F700288D1A /* footer@2x.png in Resources */ = {isa = PBXBuildFile; fileRef = 59429CB0174437F700288D1A /* footer@2x.png */; };
		59429CF5174437F700288D1A /* Default-568h@2x.png in Resources */ = {isa = PBXBuildFile; fileRef = 59429CB1174437F700288D1A /* Default-568h@2x.png */; };
		59429CF6174437F700288D1A /* Default-568hBG@2x.png in Resources */ = {isa = PBXBuildFile; fileRef = 59429CB2174437F700288D1A /* Default-568hBG@2x.png */; };
		59429CF7174437F700288D1A /* Default@2x.png in Resources */ = {isa = PBXBuildFile; fileRef = 59429CB3174437F700288D1A /* Default@2x.png */; };
		59429CF8174437F700288D1A /* Default.png in Resources */ = {isa = PBXBuildFile; fileRef = 59429CB4174437F700288D1A /* Default.png */; };
		59429CF9174437F700288D1A /* logoliveNu.png in Resources */ = {isa = PBXBuildFile; fileRef = 59429CB5174437F700288D1A /* logoliveNu.png */; };
		59429CFA174437F700288D1A /* logoliveNu@2x.png in Resources */ = {isa = PBXBuildFile; fileRef = 59429CB6174437F700288D1A /* logoliveNu@2x.png */; };
		59429CFB174437F700288D1A /* DefaultBG.png in Resources */ = {isa = PBXBuildFile; fileRef = 59429CB7174437F700288D1A /* DefaultBG.png */; };
		59429CFC174437F700288D1A /* DefaultBG@2x.png in Resources */ = {isa = PBXBuildFile; fileRef = 59429CB8174437F700288D1A /* DefaultBG@2x.png */; };
		59429CFD174437F700288D1A /* loadingouter.png in Resources */ = {isa = PBXBuildFile; fileRef = 59429CB9174437F700288D1A /* loadingouter.png */; };
		59429CFE174437F700288D1A /* play_btn.png in Resources */ = {isa = PBXBuildFile; fileRef = 59429CBA174437F700288D1A /* play_btn.png */; };
		59429CFF174437F700288D1A /* pause_btn.png in Resources */ = {isa = PBXBuildFile; fileRef = 59429CBB174437F700288D1A /* pause_btn.png */; };
		59429D00174437F700288D1A /* loading_btn.png in Resources */ = {isa = PBXBuildFile; fileRef = 59429CBC174437F700288D1A /* loading_btn.png */; };
		59429D01174437F700288D1A /* headerstart.png in Resources */ = {isa = PBXBuildFile; fileRef = 59429CBD174437F700288D1A /* headerstart.png */; };
		59429D02174437F700288D1A /* mystopbutton.png in Resources */ = {isa = PBXBuildFile; fileRef = 59429CBE174437F700288D1A /* mystopbutton.png */; };
		59429D03174437F700288D1A /* mystopbutton@2x.png in Resources */ = {isa = PBXBuildFile; fileRef = 59429CBF174437F700288D1A /* mystopbutton@2x.png */; };
		59429D04174437F700288D1A /* iTunesArtwork.png in Resources */ = {isa = PBXBuildFile; fileRef = 59429CC0174437F700288D1A /* iTunesArtwork.png */; };
		59429D05174437F700288D1A /* Icon-72.png in Resources */ = {isa = PBXBuildFile; fileRef = 59429CC1174437F700288D1A /* Icon-72.png */; };
		59429D06174437F700288D1A /* Icon-72@2x.png in Resources */ = {isa = PBXBuildFile; fileRef = 59429CC2174437F700288D1A /* Icon-72@2x.png */; };
		59429D07174437F700288D1A /* Icon-Small-50.png in Resources */ = {isa = PBXBuildFile; fileRef = 59429CC3174437F700288D1A /* Icon-Small-50.png */; };
		59429D08174437F700288D1A /* Icon-Small-50@2x.png in Resources */ = {isa = PBXBuildFile; fileRef = 59429CC4174437F700288D1A /* Icon-Small-50@2x.png */; };
		59429D09174437F700288D1A /* Icon-Small.png in Resources */ = {isa = PBXBuildFile; fileRef = 59429CC5174437F700288D1A /* Icon-Small.png */; };
		59429D0A174437F700288D1A /* Icon-Small@2x.png in Resources */ = {isa = PBXBuildFile; fileRef = 59429CC6174437F700288D1A /* Icon-Small@2x.png */; };
		59429D0B174437F700288D1A /* Icon.png in Resources */ = {isa = PBXBuildFile; fileRef = 59429CC7174437F700288D1A /* Icon.png */; };
		59429D0C174437F700288D1A /* Icon@2x.png in Resources */ = {isa = PBXBuildFile; fileRef = 59429CC8174437F700288D1A /* Icon@2x.png */; };
		59429D0D174437F700288D1A /* iTunesArtwork@2x.png in Resources */ = {isa = PBXBuildFile; fileRef = 59429CC9174437F700288D1A /* iTunesArtwork@2x.png */; };
		59429D0E174437F700288D1A /* Facebook@2x.png in Resources */ = {isa = PBXBuildFile; fileRef = 59429CCA174437F700288D1A /* Facebook@2x.png */; };
		59429D0F174437F700288D1A /* Facebook.png in Resources */ = {isa = PBXBuildFile; fileRef = 59429CCB174437F700288D1A /* Facebook.png */; };
		59429D10174437F700288D1A /* Twitter.png in Resources */ = {isa = PBXBuildFile; fileRef = 59429CCC174437F700288D1A /* Twitter.png */; };
		59429D11174437F700288D1A /* Twitter@2x.png in Resources */ = {isa = PBXBuildFile; fileRef = 59429CCD174437F700288D1A /* Twitter@2x.png */; };
		59429D12174437F700288D1A /* 37x-Checkmark.png in Resources */ = {isa = PBXBuildFile; fileRef = 59429CCE174437F700288D1A /* 37x-Checkmark.png */; };
		59429D13174437F700288D1A /* 37x-Checkmark@2x.png in Resources */ = {isa = PBXBuildFile; fileRef = 59429CCF174437F700288D1A /* 37x-Checkmark@2x.png */; };
		59429D15174437F700288D1A /* f_logo.png in Resources */ = {isa = PBXBuildFile; fileRef = 59429CD1174437F700288D1A /* f_logo.png */; };
		59429D16174437F700288D1A /* twitter-bird-light-bgs.png in Resources */ = {isa = PBXBuildFile; fileRef = 59429CD2174437F700288D1A /* twitter-bird-light-bgs.png */; };
		59429D17174437F700288D1A /* Calendar-iconTriquency.png in Resources */ = {isa = PBXBuildFile; fileRef = 59429CD3174437F700288D1A /* Calendar-iconTriquency.png */; };
		59429D18174437F700288D1A /* loading_btn@2x.png in Resources */ = {isa = PBXBuildFile; fileRef = 59429CD4174437F700288D1A /* loading_btn@2x.png */; };
		59429D19174437F700288D1A /* loadingouter@2x.png in Resources */ = {isa = PBXBuildFile; fileRef = 59429CD5174437F700288D1A /* loadingouter@2x.png */; };
		59429D1A174437F700288D1A /* pause_btn@2x.png in Resources */ = {isa = PBXBuildFile; fileRef = 59429CD6174437F700288D1A /* pause_btn@2x.png */; };
		59429D1B174437F700288D1A /* play_btn@2x.png in Resources */ = {isa = PBXBuildFile; fileRef = 59429CD7174437F700288D1A /* play_btn@2x.png */; };
		59429D1C174437F700288D1A /* cell_bottom.png in Resources */ = {isa = PBXBuildFile; fileRef = 59429CD8174437F700288D1A /* cell_bottom.png */; };
		59429D1D174437F700288D1A /* cell_middle.png in Resources */ = {isa = PBXBuildFile; fileRef = 59429CD9174437F700288D1A /* cell_middle.png */; };
		59429D1E174437F700288D1A /* cell_top.png in Resources */ = {isa = PBXBuildFile; fileRef = 59429CDA174437F700288D1A /* cell_top.png */; };
		59429D1F174437F700288D1A /* cell_bottom@2x.png in Resources */ = {isa = PBXBuildFile; fileRef = 59429CDB174437F700288D1A /* cell_bottom@2x.png */; };
		59429D20174437F700288D1A /* cell_top@2x.png in Resources */ = {isa = PBXBuildFile; fileRef = 59429CDC174437F700288D1A /* cell_top@2x.png */; };
		59429D21174437F700288D1A /* cell_middle@2x.png in Resources */ = {isa = PBXBuildFile; fileRef = 59429CDD174437F700288D1A /* cell_middle@2x.png */; };
		59429D22174437F700288D1A /* cell_top_tile.png in Resources */ = {isa = PBXBuildFile; fileRef = 59429CDE174437F700288D1A /* cell_top_tile.png */; };
		59429D23174437F700288D1A /* subtle_carbon.png in Resources */ = {isa = PBXBuildFile; fileRef = 59429CDF174437F700288D1A /* subtle_carbon.png */; };
		59429D24174437F700288D1A /* subtle_carbon@2X.png in Resources */ = {isa = PBXBuildFile; fileRef = 59429CE0174437F700288D1A /* subtle_carbon@2X.png */; };
		59429D25174437F700288D1A /* mypausebutton.png in Resources */ = {isa = PBXBuildFile; fileRef = 59429CE1174437F700288D1A /* mypausebutton.png */; };
		59429D26174437F700288D1A /* mypausebutton@2x.png in Resources */ = {isa = PBXBuildFile; fileRef = 59429CE2174437F700288D1A /* mypausebutton@2x.png */; };
		59429D27174437F700288D1A /* myplaybutton.png in Resources */ = {isa = PBXBuildFile; fileRef = 59429CE3174437F700288D1A /* myplaybutton.png */; };
		59429D28174437F700288D1A /* myplaybutton@2x.png in Resources */ = {isa = PBXBuildFile; fileRef = 59429CE4174437F700288D1A /* myplaybutton@2x.png */; };
		59429D29174437F700288D1A /* pausebutton@2x.png in Resources */ = {isa = PBXBuildFile; fileRef = 59429CE5174437F700288D1A /* pausebutton@2x.png */; };
		59429D2A174437F700288D1A /* info.png in Resources */ = {isa = PBXBuildFile; fileRef = 59429CE6174437F700288D1A /* info.png */; };
		59429D2B174437F700288D1A /* info@2x.png in Resources */ = {isa = PBXBuildFile; fileRef = 59429CE7174437F700288D1A /* info@2x.png */; };
		59429D2C174437F700288D1A /* 83-calendar.png in Resources */ = {isa = PBXBuildFile; fileRef = 59429CE8174437F700288D1A /* 83-calendar.png */; };
		59429D2D174437F700288D1A /* 83-calendar@2x.png in Resources */ = {isa = PBXBuildFile; fileRef = 59429CE9174437F700288D1A /* 83-calendar@2x.png */; };
		59429D2E174437F700288D1A /* reload.png in Resources */ = {isa = PBXBuildFile; fileRef = 59429CEA174437F700288D1A /* reload.png */; };
		59429D2F174437F700288D1A /* arrowleft.png in Resources */ = {isa = PBXBuildFile; fileRef = 59429CEB174437F700288D1A /* arrowleft.png */; };
		59429D30174437F700288D1A /* arrowright.png in Resources */ = {isa = PBXBuildFile; fileRef = 59429CEC174437F700288D1A /* arrowright.png */; };
		59429D31174437F700288D1A /* Radio-Tower@2x.png in Resources */ = {isa = PBXBuildFile; fileRef = 59429CED174437F700288D1A /* Radio-Tower@2x.png */; };
		59429D32174437F700288D1A /* Radio-Tower.png in Resources */ = {isa = PBXBuildFile; fileRef = 59429CEE174437F700288D1A /* Radio-Tower.png */; };
		595A42FF1625C8D600D0193D /* ISO8601DateFormatter.m in Sources */ = {isa = PBXBuildFile; fileRef = 595A42F91625C8D600D0193D /* ISO8601DateFormatter.m */; };
		595A43081625C8F200D0193D /* GoogCal.m in Sources */ = {isa = PBXBuildFile; fileRef = 595A43061625C8F200D0193D /* GoogCal.m */; };
		595A430B1625D6B600D0193D /* ProgrammViewController.m in Sources */ = {isa = PBXBuildFile; fileRef = 595A430A1625D6B600D0193D /* ProgrammViewController.m */; };
		595A431816271EBB00D0193D /* EventKit.framework in Frameworks */ = {isa = PBXBuildFile; fileRef = 595A431616271EBB00D0193D /* EventKit.framework */; };
		59697F6315C180E400B3650C /* UIKit.framework in Frameworks */ = {isa = PBXBuildFile; fileRef = 59697F6215C180E400B3650C /* UIKit.framework */; };
		59697F6515C180E400B3650C /* Foundation.framework in Frameworks */ = {isa = PBXBuildFile; fileRef = 59697F6415C180E400B3650C /* Foundation.framework */; };
		59697F6715C180E400B3650C /* CoreGraphics.framework in Frameworks */ = {isa = PBXBuildFile; fileRef = 59697F6615C180E400B3650C /* CoreGraphics.framework */; };
		59697F6F15C180E400B3650C /* main.m in Sources */ = {isa = PBXBuildFile; fileRef = 59697F6E15C180E400B3650C /* main.m */; };
		59697F7315C180E400B3650C /* AppDelegate.m in Sources */ = {isa = PBXBuildFile; fileRef = 59697F7215C180E400B3650C /* AppDelegate.m */; };
		59697F7915C180E400B3650C /* FirstViewController.m in Sources */ = {isa = PBXBuildFile; fileRef = 59697F7815C180E400B3650C /* FirstViewController.m */; };
		59697F8015C180E400B3650C /* TwitterViewController.m in Sources */ = {isa = PBXBuildFile; fileRef = 59697F7F15C180E400B3650C /* TwitterViewController.m */; };
		5979062815C7AEE20040DE72 /* playlistViewController.m in Sources */ = {isa = PBXBuildFile; fileRef = 5979062715C7AEE20040DE72 /* playlistViewController.m */; };
		59919F0F15C259B40000BD32 /* CFNetwork.framework in Frameworks */ = {isa = PBXBuildFile; fileRef = 59919F0E15C259B40000BD32 /* CFNetwork.framework */; };
		59919F1115C259BF0000BD32 /* MediaPlayer.framework in Frameworks */ = {isa = PBXBuildFile; fileRef = 59919F1015C259BF0000BD32 /* MediaPlayer.framework */; };
		59919F1315C259D00000BD32 /* AVFoundation.framework in Frameworks */ = {isa = PBXBuildFile; fileRef = 59919F1215C259D00000BD32 /* AVFoundation.framework */; };
		59919F1515C259E90000BD32 /* AudioToolbox.framework in Frameworks */ = {isa = PBXBuildFile; fileRef = 59919F1415C259E90000BD32 /* AudioToolbox.framework */; };
		599E90581721924B00AAE6B1 /* FacebookViewController.m in Sources */ = {isa = PBXBuildFile; fileRef = 599E90571721924B00AAE6B1 /* FacebookViewController.m */; };
		59B053DA173C386900A48B51 /* MainStoryboard.storyboard in Resources */ = {isa = PBXBuildFile; fileRef = 59B053DC173C386900A48B51 /* MainStoryboard.storyboard */; };
		59B6F179170CD38500C71990 /* Social.framework in Frameworks */ = {isa = PBXBuildFile; fileRef = 59B6F177170CD2EB00C71990 /* Social.framework */; settings = {ATTRIBUTES = (Weak, ); }; };
		59DE510C173C29D3008FD932 /* Localizable.strings in Resources */ = {isa = PBXBuildFile; fileRef = 59DE510E173C29D3008FD932 /* Localizable.strings */; };
		59E82DF6173145FE00602D06 /* InfoViewController.m in Sources */ = {isa = PBXBuildFile; fileRef = 59E82DF5173145FD00602D06 /* InfoViewController.m */; };
		59F418FF173A274800E214B8 /* MBProgressHUD.m in Sources */ = {isa = PBXBuildFile; fileRef = 59F418FE173A26BE00E214B8 /* MBProgressHUD.m */; };
		59F41910173BB01C00E214B8 /* CKRefreshControl.m in Sources */ = {isa = PBXBuildFile; fileRef = 59F4190F173BAFED00E214B8 /* CKRefreshControl.m */; settings = {COMPILER_FLAGS = "-ObjC"; }; };
		59F41914173BB08E00E214B8 /* CKRefreshArrowView.m in Sources */ = {isa = PBXBuildFile; fileRef = 59F41912173BB07500E214B8 /* CKRefreshArrowView.m */; settings = {COMPILER_FLAGS = "-ObjC"; }; };
		59F41918173BB0E000E214B8 /* CKParagraphStyle.m in Sources */ = {isa = PBXBuildFile; fileRef = 59F41916173BB0BC00E214B8 /* CKParagraphStyle.m */; settings = {COMPILER_FLAGS = "-ObjC"; }; };
		59F4191F173BB23900E214B8 /* QuartzCore.framework in Frameworks */ = {isa = PBXBuildFile; fileRef = 5900097C172091FC009A72A5 /* QuartzCore.framework */; };
/* End PBXBuildFile section */

/* Begin PBXBuildRule section */
		591D79DB15C2C48200A662C9 /* PBXBuildRule */ = {
			isa = PBXBuildRule;
			compilerSpec = com.apple.compilers.proxy.script;
			fileType = text.plist;
			isEditable = 1;
			outputFiles = (
			);
			script = "# builtin-copyPlist\n";
		};
/* End PBXBuildRule section */

/* Begin PBXFileReference section */
		59000962171F03F7009A72A5 /* playlistSong.h */ = {isa = PBXFileReference; fileEncoding = 4; lastKnownFileType = sourcecode.c.h; path = playlistSong.h; sourceTree = "<group>"; };
		59000963171F03F7009A72A5 /* playlistSong.m */ = {isa = PBXFileReference; fileEncoding = 4; lastKnownFileType = sourcecode.c.objc; path = playlistSong.m; sourceTree = "<group>"; };
		5900097C172091FC009A72A5 /* QuartzCore.framework */ = {isa = PBXFileReference; lastKnownFileType = wrapper.framework; name = QuartzCore.framework; path = System/Library/Frameworks/QuartzCore.framework; sourceTree = SDKROOT; };
		5900098417211F4C009A72A5 /* Reachability.h */ = {isa = PBXFileReference; lastKnownFileType = sourcecode.c.h; path = Reachability.h; sourceTree = "<group>"; };
		5900098517211F4C009A72A5 /* Reachability.m */ = {isa = PBXFileReference; lastKnownFileType = sourcecode.c.objc; path = Reachability.m; sourceTree = "<group>"; };
		5900098B1721328F009A72A5 /* SystemConfiguration.framework */ = {isa = PBXFileReference; lastKnownFileType = wrapper.framework; name = SystemConfiguration.framework; path = System/Library/Frameworks/SystemConfiguration.framework; sourceTree = SDKROOT; };
		59429CA7174437D000288D1A /* list_bullets_icon&24.png */ = {isa = PBXFileReference; lastKnownFileType = image.png; name = "list_bullets_icon&24.png"; path = "images/list_bullets_icon&24.png"; sourceTree = "<group>"; };
		59429CA8174437D000288D1A /* list_bullets_icon&24@2x.png */ = {isa = PBXFileReference; lastKnownFileType = image.png; name = "list_bullets_icon&24@2x.png"; path = "images/list_bullets_icon&24@2x.png"; sourceTree = "<group>"; };
		59429CAB174437F700288D1A /* albumCoverTriquency.png */ = {isa = PBXFileReference; lastKnownFileType = image.png; name = albumCoverTriquency.png; path = images/albumCoverTriquency.png; sourceTree = "<group>"; };
		59429CAC174437F700288D1A /* albumCoverTriquency@2x.png */ = {isa = PBXFileReference; lastKnownFileType = image.png; name = "albumCoverTriquency@2x.png"; path = "images/albumCoverTriquency@2x.png"; sourceTree = "<group>"; };
		59429CAD174437F700288D1A /* logoInfo.png */ = {isa = PBXFileReference; lastKnownFileType = image.png; name = logoInfo.png; path = images/logoInfo.png; sourceTree = "<group>"; };
		59429CAE174437F700288D1A /* logoInfo@2x.png */ = {isa = PBXFileReference; lastKnownFileType = image.png; name = "logoInfo@2x.png"; path = "images/logoInfo@2x.png"; sourceTree = "<group>"; };
		59429CAF174437F700288D1A /* footer.png */ = {isa = PBXFileReference; lastKnownFileType = image.png; name = footer.png; path = images/footer.png; sourceTree = "<group>"; };
		59429CB0174437F700288D1A /* footer@2x.png */ = {isa = PBXFileReference; lastKnownFileType = image.png; name = "footer@2x.png"; path = "images/footer@2x.png"; sourceTree = "<group>"; };
		59429CB1174437F700288D1A /* Default-568h@2x.png */ = {isa = PBXFileReference; lastKnownFileType = image.png; name = "Default-568h@2x.png"; path = "images/Default-568h@2x.png"; sourceTree = "<group>"; };
		59429CB2174437F700288D1A /* Default-568hBG@2x.png */ = {isa = PBXFileReference; lastKnownFileType = image.png; name = "Default-568hBG@2x.png"; path = "images/Default-568hBG@2x.png"; sourceTree = "<group>"; };
		59429CB3174437F700288D1A /* Default@2x.png */ = {isa = PBXFileReference; lastKnownFileType = image.png; name = "Default@2x.png"; path = "images/Default@2x.png"; sourceTree = "<group>"; };
		59429CB4174437F700288D1A /* Default.png */ = {isa = PBXFileReference; lastKnownFileType = image.png; name = Default.png; path = images/Default.png; sourceTree = "<group>"; };
		59429CB5174437F700288D1A /* logoliveNu.png */ = {isa = PBXFileReference; lastKnownFileType = image.png; name = logoliveNu.png; path = images/logoliveNu.png; sourceTree = "<group>"; };
		59429CB6174437F700288D1A /* logoliveNu@2x.png */ = {isa = PBXFileReference; lastKnownFileType = image.png; name = "logoliveNu@2x.png"; path = "images/logoliveNu@2x.png"; sourceTree = "<group>"; };
		59429CB7174437F700288D1A /* DefaultBG.png */ = {isa = PBXFileReference; lastKnownFileType = image.png; name = DefaultBG.png; path = images/DefaultBG.png; sourceTree = "<group>"; };
		59429CB8174437F700288D1A /* DefaultBG@2x.png */ = {isa = PBXFileReference; lastKnownFileType = image.png; name = "DefaultBG@2x.png"; path = "images/DefaultBG@2x.png"; sourceTree = "<group>"; };
		59429CB9174437F700288D1A /* loadingouter.png */ = {isa = PBXFileReference; lastKnownFileType = image.png; name = loadingouter.png; path = images/loadingouter.png; sourceTree = "<group>"; };
		59429CBA174437F700288D1A /* play_btn.png */ = {isa = PBXFileReference; lastKnownFileType = image.png; name = play_btn.png; path = images/play_btn.png; sourceTree = "<group>"; };
		59429CBB174437F700288D1A /* pause_btn.png */ = {isa = PBXFileReference; lastKnownFileType = image.png; name = pause_btn.png; path = images/pause_btn.png; sourceTree = "<group>"; };
		59429CBC174437F700288D1A /* loading_btn.png */ = {isa = PBXFileReference; lastKnownFileType = image.png; name = loading_btn.png; path = images/loading_btn.png; sourceTree = "<group>"; };
		59429CBD174437F700288D1A /* headerstart.png */ = {isa = PBXFileReference; lastKnownFileType = image.png; name = headerstart.png; path = images/headerstart.png; sourceTree = "<group>"; };
		59429CBE174437F700288D1A /* mystopbutton.png */ = {isa = PBXFileReference; lastKnownFileType = image.png; name = mystopbutton.png; path = images/mystopbutton.png; sourceTree = "<group>"; };
		59429CBF174437F700288D1A /* mystopbutton@2x.png */ = {isa = PBXFileReference; lastKnownFileType = image.png; name = "mystopbutton@2x.png"; path = "images/mystopbutton@2x.png"; sourceTree = "<group>"; };
		59429CC0174437F700288D1A /* iTunesArtwork.png */ = {isa = PBXFileReference; lastKnownFileType = image.png; name = iTunesArtwork.png; path = images/iTunesArtwork.png; sourceTree = "<group>"; };
		59429CC1174437F700288D1A /* Icon-72.png */ = {isa = PBXFileReference; lastKnownFileType = image.png; name = "Icon-72.png"; path = "images/Icon-72.png"; sourceTree = "<group>"; };
		59429CC2174437F700288D1A /* Icon-72@2x.png */ = {isa = PBXFileReference; lastKnownFileType = image.png; name = "Icon-72@2x.png"; path = "images/Icon-72@2x.png"; sourceTree = "<group>"; };
		59429CC3174437F700288D1A /* Icon-Small-50.png */ = {isa = PBXFileReference; lastKnownFileType = image.png; name = "Icon-Small-50.png"; path = "images/Icon-Small-50.png"; sourceTree = "<group>"; };
		59429CC4174437F700288D1A /* Icon-Small-50@2x.png */ = {isa = PBXFileReference; lastKnownFileType = image.png; name = "Icon-Small-50@2x.png"; path = "images/Icon-Small-50@2x.png"; sourceTree = "<group>"; };
		59429CC5174437F700288D1A /* Icon-Small.png */ = {isa = PBXFileReference; lastKnownFileType = image.png; name = "Icon-Small.png"; path = "images/Icon-Small.png"; sourceTree = "<group>"; };
		59429CC6174437F700288D1A /* Icon-Small@2x.png */ = {isa = PBXFileReference; lastKnownFileType = image.png; name = "Icon-Small@2x.png"; path = "images/Icon-Small@2x.png"; sourceTree = "<group>"; };
		59429CC7174437F700288D1A /* Icon.png */ = {isa = PBXFileReference; lastKnownFileType = image.png; name = Icon.png; path = images/Icon.png; sourceTree = "<group>"; };
		59429CC8174437F700288D1A /* Icon@2x.png */ = {isa = PBXFileReference; lastKnownFileType = image.png; name = "Icon@2x.png"; path = "images/Icon@2x.png"; sourceTree = "<group>"; };
		59429CC9174437F700288D1A /* iTunesArtwork@2x.png */ = {isa = PBXFileReference; lastKnownFileType = image.png; name = "iTunesArtwork@2x.png"; path = "images/iTunesArtwork@2x.png"; sourceTree = "<group>"; };
		59429CCA174437F700288D1A /* Facebook@2x.png */ = {isa = PBXFileReference; lastKnownFileType = image.png; name = "Facebook@2x.png"; path = "images/Facebook@2x.png"; sourceTree = "<group>"; };
		59429CCB174437F700288D1A /* Facebook.png */ = {isa = PBXFileReference; lastKnownFileType = image.png; name = Facebook.png; path = images/Facebook.png; sourceTree = "<group>"; };
		59429CCC174437F700288D1A /* Twitter.png */ = {isa = PBXFileReference; lastKnownFileType = image.png; name = Twitter.png; path = images/Twitter.png; sourceTree = "<group>"; };
		59429CCD174437F700288D1A /* Twitter@2x.png */ = {isa = PBXFileReference; lastKnownFileType = image.png; name = "Twitter@2x.png"; path = "images/Twitter@2x.png"; sourceTree = "<group>"; };
		59429CCE174437F700288D1A /* 37x-Checkmark.png */ = {isa = PBXFileReference; lastKnownFileType = image.png; name = "37x-Checkmark.png"; path = "images/37x-Checkmark.png"; sourceTree = "<group>"; };
		59429CCF174437F700288D1A /* 37x-Checkmark@2x.png */ = {isa = PBXFileReference; lastKnownFileType = image.png; name = "37x-Checkmark@2x.png"; path = "images/37x-Checkmark@2x.png"; sourceTree = "<group>"; };
		59429CD1174437F700288D1A /* f_logo.png */ = {isa = PBXFileReference; lastKnownFileType = image.png; name = f_logo.png; path = images/f_logo.png; sourceTree = "<group>"; };
		59429CD2174437F700288D1A /* twitter-bird-light-bgs.png */ = {isa = PBXFileReference; lastKnownFileType = image.png; name = "twitter-bird-light-bgs.png"; path = "images/twitter-bird-light-bgs.png"; sourceTree = "<group>"; };
		59429CD3174437F700288D1A /* Calendar-iconTriquency.png */ = {isa = PBXFileReference; lastKnownFileType = image.png; name = "Calendar-iconTriquency.png"; path = "images/Calendar-iconTriquency.png"; sourceTree = "<group>"; };
		59429CD4174437F700288D1A /* loading_btn@2x.png */ = {isa = PBXFileReference; lastKnownFileType = image.png; name = "loading_btn@2x.png"; path = "images/loading_btn@2x.png"; sourceTree = "<group>"; };
		59429CD5174437F700288D1A /* loadingouter@2x.png */ = {isa = PBXFileReference; lastKnownFileType = image.png; name = "loadingouter@2x.png"; path = "images/loadingouter@2x.png"; sourceTree = "<group>"; };
		59429CD6174437F700288D1A /* pause_btn@2x.png */ = {isa = PBXFileReference; lastKnownFileType = image.png; name = "pause_btn@2x.png"; path = "images/pause_btn@2x.png"; sourceTree = "<group>"; };
		59429CD7174437F700288D1A /* play_btn@2x.png */ = {isa = PBXFileReference; lastKnownFileType = image.png; name = "play_btn@2x.png"; path = "images/play_btn@2x.png"; sourceTree = "<group>"; };
		59429CD8174437F700288D1A /* cell_bottom.png */ = {isa = PBXFileReference; lastKnownFileType = image.png; name = cell_bottom.png; path = images/cell_bottom.png; sourceTree = "<group>"; };
		59429CD9174437F700288D1A /* cell_middle.png */ = {isa = PBXFileReference; lastKnownFileType = image.png; name = cell_middle.png; path = images/cell_middle.png; sourceTree = "<group>"; };
		59429CDA174437F700288D1A /* cell_top.png */ = {isa = PBXFileReference; lastKnownFileType = image.png; name = cell_top.png; path = images/cell_top.png; sourceTree = "<group>"; };
		59429CDB174437F700288D1A /* cell_bottom@2x.png */ = {isa = PBXFileReference; lastKnownFileType = image.png; name = "cell_bottom@2x.png"; path = "images/cell_bottom@2x.png"; sourceTree = "<group>"; };
		59429CDC174437F700288D1A /* cell_top@2x.png */ = {isa = PBXFileReference; lastKnownFileType = image.png; name = "cell_top@2x.png"; path = "images/cell_top@2x.png"; sourceTree = "<group>"; };
		59429CDD174437F700288D1A /* cell_middle@2x.png */ = {isa = PBXFileReference; lastKnownFileType = image.png; name = "cell_middle@2x.png"; path = "images/cell_middle@2x.png"; sourceTree = "<group>"; };
		59429CDE174437F700288D1A /* cell_top_tile.png */ = {isa = PBXFileReference; lastKnownFileType = image.png; name = cell_top_tile.png; path = images/cell_top_tile.png; sourceTree = "<group>"; };
		59429CDF174437F700288D1A /* subtle_carbon.png */ = {isa = PBXFileReference; lastKnownFileType = image.png; name = subtle_carbon.png; path = images/subtle_carbon.png; sourceTree = "<group>"; };
		59429CE0174437F700288D1A /* subtle_carbon@2X.png */ = {isa = PBXFileReference; lastKnownFileType = image.png; name = "subtle_carbon@2X.png"; path = "images/subtle_carbon@2X.png"; sourceTree = "<group>"; };
		59429CE1174437F700288D1A /* mypausebutton.png */ = {isa = PBXFileReference; lastKnownFileType = image.png; name = mypausebutton.png; path = images/mypausebutton.png; sourceTree = "<group>"; };
		59429CE2174437F700288D1A /* mypausebutton@2x.png */ = {isa = PBXFileReference; lastKnownFileType = image.png; name = "mypausebutton@2x.png"; path = "images/mypausebutton@2x.png"; sourceTree = "<group>"; };
		59429CE3174437F700288D1A /* myplaybutton.png */ = {isa = PBXFileReference; lastKnownFileType = image.png; name = myplaybutton.png; path = images/myplaybutton.png; sourceTree = "<group>"; };
		59429CE4174437F700288D1A /* myplaybutton@2x.png */ = {isa = PBXFileReference; lastKnownFileType = image.png; name = "myplaybutton@2x.png"; path = "images/myplaybutton@2x.png"; sourceTree = "<group>"; };
		59429CE5174437F700288D1A /* pausebutton@2x.png */ = {isa = PBXFileReference; lastKnownFileType = image.png; name = "pausebutton@2x.png"; path = "images/pausebutton@2x.png"; sourceTree = "<group>"; };
		59429CE6174437F700288D1A /* info.png */ = {isa = PBXFileReference; lastKnownFileType = image.png; name = info.png; path = images/info.png; sourceTree = "<group>"; };
		59429CE7174437F700288D1A /* info@2x.png */ = {isa = PBXFileReference; lastKnownFileType = image.png; name = "info@2x.png"; path = "images/info@2x.png"; sourceTree = "<group>"; };
		59429CE8174437F700288D1A /* 83-calendar.png */ = {isa = PBXFileReference; lastKnownFileType = image.png; name = "83-calendar.png"; path = "images/83-calendar.png"; sourceTree = "<group>"; };
		59429CE9174437F700288D1A /* 83-calendar@2x.png */ = {isa = PBXFileReference; lastKnownFileType = image.png; name = "83-calendar@2x.png"; path = "images/83-calendar@2x.png"; sourceTree = "<group>"; };
		59429CEA174437F700288D1A /* reload.png */ = {isa = PBXFileReference; lastKnownFileType = image.png; name = reload.png; path = images/reload.png; sourceTree = "<group>"; };
		59429CEB174437F700288D1A /* arrowleft.png */ = {isa = PBXFileReference; lastKnownFileType = image.png; name = arrowleft.png; path = images/arrowleft.png; sourceTree = "<group>"; };
		59429CEC174437F700288D1A /* arrowright.png */ = {isa = PBXFileReference; lastKnownFileType = image.png; name = arrowright.png; path = images/arrowright.png; sourceTree = "<group>"; };
		59429CED174437F700288D1A /* Radio-Tower@2x.png */ = {isa = PBXFileReference; lastKnownFileType = image.png; name = "Radio-Tower@2x.png"; path = "images/Radio-Tower@2x.png"; sourceTree = "<group>"; };
		59429CEE174437F700288D1A /* Radio-Tower.png */ = {isa = PBXFileReference; lastKnownFileType = image.png; name = "Radio-Tower.png"; path = "images/Radio-Tower.png"; sourceTree = "<group>"; };
		595A42F81625C8D600D0193D /* ISO8601DateFormatter.h */ = {isa = PBXFileReference; fileEncoding = 4; lastKnownFileType = sourcecode.c.h; name = ISO8601DateFormatter.h; path = ../ISO8601DateFormatter.h; sourceTree = "<group>"; };
		595A42F91625C8D600D0193D /* ISO8601DateFormatter.m */ = {isa = PBXFileReference; fileEncoding = 4; lastKnownFileType = sourcecode.c.objc; name = ISO8601DateFormatter.m; path = ../ISO8601DateFormatter.m; sourceTree = "<group>"; };
		595A43051625C8F200D0193D /* GoogCal.h */ = {isa = PBXFileReference; fileEncoding = 4; lastKnownFileType = sourcecode.c.h; path = GoogCal.h; sourceTree = "<group>"; };
		595A43061625C8F200D0193D /* GoogCal.m */ = {isa = PBXFileReference; fileEncoding = 4; lastKnownFileType = sourcecode.c.objc; path = GoogCal.m; sourceTree = "<group>"; };
		595A43091625D6B600D0193D /* ProgrammViewController.h */ = {isa = PBXFileReference; fileEncoding = 4; lastKnownFileType = sourcecode.c.h; path = ProgrammViewController.h; sourceTree = "<group>"; };
		595A430A1625D6B600D0193D /* ProgrammViewController.m */ = {isa = PBXFileReference; fileEncoding = 4; lastKnownFileType = sourcecode.c.objc; path = ProgrammViewController.m; sourceTree = "<group>"; };
		595A431416271EB200D0193D /* SenTestingKit.framework */ = {isa = PBXFileReference; lastKnownFileType = wrapper.framework; name = SenTestingKit.framework; path = Library/Frameworks/SenTestingKit.framework; sourceTree = DEVELOPER_DIR; };
		595A431616271EBB00D0193D /* EventKit.framework */ = {isa = PBXFileReference; lastKnownFileType = wrapper.framework; name = EventKit.framework; path = System/Library/Frameworks/EventKit.framework; sourceTree = SDKROOT; };
		59697F5E15C180E400B3650C /* Triquency.app */ = {isa = PBXFileReference; explicitFileType = wrapper.application; includeInIndex = 0; path = Triquency.app; sourceTree = BUILT_PRODUCTS_DIR; };
		59697F6215C180E400B3650C /* UIKit.framework */ = {isa = PBXFileReference; lastKnownFileType = wrapper.framework; name = UIKit.framework; path = System/Library/Frameworks/UIKit.framework; sourceTree = SDKROOT; };
		59697F6415C180E400B3650C /* Foundation.framework */ = {isa = PBXFileReference; lastKnownFileType = wrapper.framework; name = Foundation.framework; path = System/Library/Frameworks/Foundation.framework; sourceTree = SDKROOT; };
		59697F6615C180E400B3650C /* CoreGraphics.framework */ = {isa = PBXFileReference; lastKnownFileType = wrapper.framework; name = CoreGraphics.framework; path = System/Library/Frameworks/CoreGraphics.framework; sourceTree = SDKROOT; };
		59697F6E15C180E400B3650C /* main.m */ = {isa = PBXFileReference; lastKnownFileType = sourcecode.c.objc; path = main.m; sourceTree = "<group>"; };
		59697F7015C180E400B3650C /* triquencyforiphone-Prefix.pch */ = {isa = PBXFileReference; lastKnownFileType = sourcecode.c.h; path = "triquencyforiphone-Prefix.pch"; sourceTree = "<group>"; };
		59697F7115C180E400B3650C /* AppDelegate.h */ = {isa = PBXFileReference; lastKnownFileType = sourcecode.c.h; path = AppDelegate.h; sourceTree = "<group>"; };
		59697F7215C180E400B3650C /* AppDelegate.m */ = {isa = PBXFileReference; lastKnownFileType = sourcecode.c.objc; path = AppDelegate.m; sourceTree = "<group>"; };
		59697F7715C180E400B3650C /* FirstViewController.h */ = {isa = PBXFileReference; lastKnownFileType = sourcecode.c.h; path = FirstViewController.h; sourceTree = "<group>"; };
		59697F7815C180E400B3650C /* FirstViewController.m */ = {isa = PBXFileReference; lastKnownFileType = sourcecode.c.objc; path = FirstViewController.m; sourceTree = "<group>"; };
		59697F7E15C180E400B3650C /* TwitterViewController.h */ = {isa = PBXFileReference; lastKnownFileType = sourcecode.c.h; path = TwitterViewController.h; sourceTree = "<group>"; };
		59697F7F15C180E400B3650C /* TwitterViewController.m */ = {isa = PBXFileReference; lastKnownFileType = sourcecode.c.objc; path = TwitterViewController.m; sourceTree = "<group>"; };
		5979062615C7AEE20040DE72 /* playlistViewController.h */ = {isa = PBXFileReference; fileEncoding = 4; lastKnownFileType = sourcecode.c.h; path = playlistViewController.h; sourceTree = "<group>"; };
		5979062715C7AEE20040DE72 /* playlistViewController.m */ = {isa = PBXFileReference; fileEncoding = 4; lastKnownFileType = sourcecode.c.objc; path = playlistViewController.m; sourceTree = "<group>"; };
		59919F0E15C259B40000BD32 /* CFNetwork.framework */ = {isa = PBXFileReference; lastKnownFileType = wrapper.framework; name = CFNetwork.framework; path = System/Library/Frameworks/CFNetwork.framework; sourceTree = SDKROOT; };
		59919F1015C259BF0000BD32 /* MediaPlayer.framework */ = {isa = PBXFileReference; lastKnownFileType = wrapper.framework; name = MediaPlayer.framework; path = System/Library/Frameworks/MediaPlayer.framework; sourceTree = SDKROOT; };
		59919F1215C259D00000BD32 /* AVFoundation.framework */ = {isa = PBXFileReference; lastKnownFileType = wrapper.framework; name = AVFoundation.framework; path = System/Library/Frameworks/AVFoundation.framework; sourceTree = SDKROOT; };
		59919F1415C259E90000BD32 /* AudioToolbox.framework */ = {isa = PBXFileReference; lastKnownFileType = wrapper.framework; name = AudioToolbox.framework; path = System/Library/Frameworks/AudioToolbox.framework; sourceTree = SDKROOT; };
		599E90561721924B00AAE6B1 /* FacebookViewController.h */ = {isa = PBXFileReference; fileEncoding = 4; lastKnownFileType = sourcecode.c.h; path = FacebookViewController.h; sourceTree = "<group>"; };
		599E90571721924B00AAE6B1 /* FacebookViewController.m */ = {isa = PBXFileReference; fileEncoding = 4; lastKnownFileType = sourcecode.c.objc; path = FacebookViewController.m; sourceTree = "<group>"; };
		59B053DB173C386900A48B51 /* en */ = {isa = PBXFileReference; lastKnownFileType = file.storyboard; name = en; path = en.lproj/MainStoryboard.storyboard; sourceTree = "<group>"; };
		59B053E2173C3F2000A48B51 /* de */ = {isa = PBXFileReference; lastKnownFileType = file.storyboard; name = de; path = de.lproj/MainStoryboard.storyboard; sourceTree = "<group>"; };
		59B6F177170CD2EB00C71990 /* Social.framework */ = {isa = PBXFileReference; lastKnownFileType = wrapper.framework; name = Social.framework; path = System/Library/Frameworks/Social.framework; sourceTree = SDKROOT; };
		59DE510D173C29D3008FD932 /* en */ = {isa = PBXFileReference; lastKnownFileType = text.plist.strings; name = en; path = en.lproj/Localizable.strings; sourceTree = "<group>"; };
		59DE5115173C2B2C008FD932 /* de */ = {isa = PBXFileReference; lastKnownFileType = text.plist.strings; name = de; path = de.lproj/Localizable.strings; sourceTree = "<group>"; };
		59DE5120173C2F9F008FD932 /* triquencyforiphone-Info.plist */ = {isa = PBXFileReference; fileEncoding = 4; lastKnownFileType = text.plist.xml; path = "triquencyforiphone-Info.plist"; sourceTree = "<group>"; };
		59E82DF4173145FD00602D06 /* InfoViewController.h */ = {isa = PBXFileReference; fileEncoding = 4; lastKnownFileType = sourcecode.c.h; path = InfoViewController.h; sourceTree = "<group>"; };
		59E82DF5173145FD00602D06 /* InfoViewController.m */ = {isa = PBXFileReference; fileEncoding = 4; lastKnownFileType = sourcecode.c.objc; path = InfoViewController.m; sourceTree = "<group>"; };
		59F418FD173A26BE00E214B8 /* MBProgressHUD.h */ = {isa = PBXFileReference; lastKnownFileType = sourcecode.c.h; path = MBProgressHUD.h; sourceTree = "<group>"; };
		59F418FE173A26BE00E214B8 /* MBProgressHUD.m */ = {isa = PBXFileReference; lastKnownFileType = sourcecode.c.objc; path = MBProgressHUD.m; sourceTree = "<group>"; };
		59F4190E173BAFEC00E214B8 /* CKRefreshControl.h */ = {isa = PBXFileReference; lastKnownFileType = sourcecode.c.h; path = CKRefreshControl.h; sourceTree = "<group>"; };
		59F4190F173BAFED00E214B8 /* CKRefreshControl.m */ = {isa = PBXFileReference; lastKnownFileType = sourcecode.c.objc; path = CKRefreshControl.m; sourceTree = "<group>"; };
		59F41911173BB07400E214B8 /* CKRefreshArrowView.h */ = {isa = PBXFileReference; lastKnownFileType = sourcecode.c.h; path = CKRefreshArrowView.h; sourceTree = "<group>"; };
		59F41912173BB07500E214B8 /* CKRefreshArrowView.m */ = {isa = PBXFileReference; lastKnownFileType = sourcecode.c.objc; path = CKRefreshArrowView.m; sourceTree = "<group>"; };
		59F41915173BB0BB00E214B8 /* CKParagraphStyle.h */ = {isa = PBXFileReference; lastKnownFileType = sourcecode.c.h; path = CKParagraphStyle.h; sourceTree = "<group>"; };
		59F41916173BB0BC00E214B8 /* CKParagraphStyle.m */ = {isa = PBXFileReference; lastKnownFileType = sourcecode.c.objc; path = CKParagraphStyle.m; sourceTree = "<group>"; };
		59F41917173BB0BC00E214B8 /* CKRefreshControl-Prefix.pch */ = {isa = PBXFileReference; lastKnownFileType = sourcecode.c.h; path = "CKRefreshControl-Prefix.pch"; sourceTree = "<group>"; };
/* End PBXFileReference section */

/* Begin PBXFrameworksBuildPhase section */
		59697F5B15C180E400B3650C /* Frameworks */ = {
			isa = PBXFrameworksBuildPhase;
			buildActionMask = 2147483647;
			files = (
				59F4191F173BB23900E214B8 /* QuartzCore.framework in Frameworks */,
				5900098C1721328F009A72A5 /* SystemConfiguration.framework in Frameworks */,
				59B6F179170CD38500C71990 /* Social.framework in Frameworks */,
				595A431816271EBB00D0193D /* EventKit.framework in Frameworks */,
				59919F1515C259E90000BD32 /* AudioToolbox.framework in Frameworks */,
				59919F1315C259D00000BD32 /* AVFoundation.framework in Frameworks */,
				59919F1115C259BF0000BD32 /* MediaPlayer.framework in Frameworks */,
				59919F0F15C259B40000BD32 /* CFNetwork.framework in Frameworks */,
				59697F6315C180E400B3650C /* UIKit.framework in Frameworks */,
				59697F6515C180E400B3650C /* Foundation.framework in Frameworks */,
				59697F6715C180E400B3650C /* CoreGraphics.framework in Frameworks */,
			);
			runOnlyForDeploymentPostprocessing = 0;
		};
/* End PBXFrameworksBuildPhase section */

/* Begin PBXGroup section */
		59697F5315C180E400B3650C = {
			isa = PBXGroup;
			children = (
				59919F2C15C25FE70000BD32 /* images */,
				59697F6815C180E400B3650C /* triquencyforiphone */,
				59697F6115C180E400B3650C /* Frameworks */,
				59697F5F15C180E400B3650C /* Products */,
			);
			sourceTree = "<group>";
			usesTabs = 0;
		};
		59697F5F15C180E400B3650C /* Products */ = {
			isa = PBXGroup;
			children = (
				59697F5E15C180E400B3650C /* Triquency.app */,
			);
			name = Products;
			sourceTree = "<group>";
		};
		59697F6115C180E400B3650C /* Frameworks */ = {
			isa = PBXGroup;
			children = (
				5900098B1721328F009A72A5 /* SystemConfiguration.framework */,
				5900097C172091FC009A72A5 /* QuartzCore.framework */,
				59B6F177170CD2EB00C71990 /* Social.framework */,
				595A431616271EBB00D0193D /* EventKit.framework */,
				595A431416271EB200D0193D /* SenTestingKit.framework */,
				59919F1415C259E90000BD32 /* AudioToolbox.framework */,
				59919F1215C259D00000BD32 /* AVFoundation.framework */,
				59919F1015C259BF0000BD32 /* MediaPlayer.framework */,
				59919F0E15C259B40000BD32 /* CFNetwork.framework */,
				59697F6215C180E400B3650C /* UIKit.framework */,
				59697F6415C180E400B3650C /* Foundation.framework */,
				59697F6615C180E400B3650C /* CoreGraphics.framework */,
			);
			name = Frameworks;
			sourceTree = "<group>";
		};
		59697F6815C180E400B3650C /* triquencyforiphone */ = {
			isa = PBXGroup;
			children = (
				59B053DC173C386900A48B51 /* MainStoryboard.storyboard */,
				59697F7115C180E400B3650C /* AppDelegate.h */,
				59697F7215C180E400B3650C /* AppDelegate.m */,
				59697F7715C180E400B3650C /* FirstViewController.h */,
				59697F7815C180E400B3650C /* FirstViewController.m */,
				59697F7E15C180E400B3650C /* TwitterViewController.h */,
				59697F7F15C180E400B3650C /* TwitterViewController.m */,
				5979062615C7AEE20040DE72 /* playlistViewController.h */,
				5979062715C7AEE20040DE72 /* playlistViewController.m */,
				599E90561721924B00AAE6B1 /* FacebookViewController.h */,
				599E90571721924B00AAE6B1 /* FacebookViewController.m */,
				595A43091625D6B600D0193D /* ProgrammViewController.h */,
				595A430A1625D6B600D0193D /* ProgrammViewController.m */,
				59E82DF4173145FD00602D06 /* InfoViewController.h */,
				59E82DF5173145FD00602D06 /* InfoViewController.m */,
				59697F6915C180E400B3650C /* Supporting Files */,
			);
			path = triquencyforiphone;
			sourceTree = "<group>";
		};
		59697F6915C180E400B3650C /* Supporting Files */ = {
			isa = PBXGroup;
			children = (
				59F4190E173BAFEC00E214B8 /* CKRefreshControl.h */,
				59F4190F173BAFED00E214B8 /* CKRefreshControl.m */,
				59F41911173BB07400E214B8 /* CKRefreshArrowView.h */,
				59F41912173BB07500E214B8 /* CKRefreshArrowView.m */,
				59F41915173BB0BB00E214B8 /* CKParagraphStyle.h */,
				59DE510E173C29D3008FD932 /* Localizable.strings */,
				59F41916173BB0BC00E214B8 /* CKParagraphStyle.m */,
				59F41917173BB0BC00E214B8 /* CKRefreshControl-Prefix.pch */,
				59000962171F03F7009A72A5 /* playlistSong.h */,
				59000963171F03F7009A72A5 /* playlistSong.m */,
				595A43051625C8F200D0193D /* GoogCal.h */,
				595A43061625C8F200D0193D /* GoogCal.m */,
				59DE5120173C2F9F008FD932 /* triquencyforiphone-Info.plist */,
				59F418FD173A26BE00E214B8 /* MBProgressHUD.h */,
				59F418FE173A26BE00E214B8 /* MBProgressHUD.m */,
				5900098417211F4C009A72A5 /* Reachability.h */,
				5900098517211F4C009A72A5 /* Reachability.m */,
				595A42F81625C8D600D0193D /* ISO8601DateFormatter.h */,
				595A42F91625C8D600D0193D /* ISO8601DateFormatter.m */,
				59697F6E15C180E400B3650C /* main.m */,
				59697F7015C180E400B3650C /* triquencyforiphone-Prefix.pch */,
			);
			name = "Supporting Files";
			sourceTree = "<group>";
		};
		59919F2C15C25FE70000BD32 /* images */ = {
			isa = PBXGroup;
			children = (
				59429CAB174437F700288D1A /* albumCoverTriquency.png */,
				59429CAC174437F700288D1A /* albumCoverTriquency@2x.png */,
				59429CAD174437F700288D1A /* logoInfo.png */,
				59429CAE174437F700288D1A /* logoInfo@2x.png */,
				59429CAF174437F700288D1A /* footer.png */,
				59429CB0174437F700288D1A /* footer@2x.png */,
				59429CB1174437F700288D1A /* Default-568h@2x.png */,
				59429CB2174437F700288D1A /* Default-568hBG@2x.png */,
				59429CB3174437F700288D1A /* Default@2x.png */,
				59429CB4174437F700288D1A /* Default.png */,
				59429CB5174437F700288D1A /* logoliveNu.png */,
				59429CB6174437F700288D1A /* logoliveNu@2x.png */,
				59429CB7174437F700288D1A /* DefaultBG.png */,
				59429CB8174437F700288D1A /* DefaultBG@2x.png */,
				59429CB9174437F700288D1A /* loadingouter.png */,
				59429CBA174437F700288D1A /* play_btn.png */,
				59429CBB174437F700288D1A /* pause_btn.png */,
				59429CBC174437F700288D1A /* loading_btn.png */,
				59429CBD174437F700288D1A /* headerstart.png */,
				59429CBE174437F700288D1A /* mystopbutton.png */,
				59429CBF174437F700288D1A /* mystopbutton@2x.png */,
				59429CC0174437F700288D1A /* iTunesArtwork.png */,
				59429CC1174437F700288D1A /* Icon-72.png */,
				59429CC2174437F700288D1A /* Icon-72@2x.png */,
				59429CC3174437F700288D1A /* Icon-Small-50.png */,
				59429CC4174437F700288D1A /* Icon-Small-50@2x.png */,
				59429CC5174437F700288D1A /* Icon-Small.png */,
				59429CC6174437F700288D1A /* Icon-Small@2x.png */,
				59429CC7174437F700288D1A /* Icon.png */,
				59429CC8174437F700288D1A /* Icon@2x.png */,
				59429CC9174437F700288D1A /* iTunesArtwork@2x.png */,
				59429CCA174437F700288D1A /* Facebook@2x.png */,
				59429CCB174437F700288D1A /* Facebook.png */,
				59429CCC174437F700288D1A /* Twitter.png */,
				59429CCD174437F700288D1A /* Twitter@2x.png */,
				59429CCE174437F700288D1A /* 37x-Checkmark.png */,
				59429CCF174437F700288D1A /* 37x-Checkmark@2x.png */,
				59429CD1174437F700288D1A /* f_logo.png */,
				59429CD2174437F700288D1A /* twitter-bird-light-bgs.png */,
				59429CD3174437F700288D1A /* Calendar-iconTriquency.png */,
				59429CD4174437F700288D1A /* loading_btn@2x.png */,
				59429CD5174437F700288D1A /* loadingouter@2x.png */,
				59429CD6174437F700288D1A /* pause_btn@2x.png */,
				59429CD7174437F700288D1A /* play_btn@2x.png */,
				59429CD8174437F700288D1A /* cell_bottom.png */,
				59429CD9174437F700288D1A /* cell_middle.png */,
				59429CDA174437F700288D1A /* cell_top.png */,
				59429CDB174437F700288D1A /* cell_bottom@2x.png */,
				59429CDC174437F700288D1A /* cell_top@2x.png */,
				59429CDD174437F700288D1A /* cell_middle@2x.png */,
				59429CDE174437F700288D1A /* cell_top_tile.png */,
				59429CDF174437F700288D1A /* subtle_carbon.png */,
				59429CE0174437F700288D1A /* subtle_carbon@2X.png */,
				59429CE1174437F700288D1A /* mypausebutton.png */,
				59429CE2174437F700288D1A /* mypausebutton@2x.png */,
				59429CE3174437F700288D1A /* myplaybutton.png */,
				59429CE4174437F700288D1A /* myplaybutton@2x.png */,
				59429CE5174437F700288D1A /* pausebutton@2x.png */,
				59429CE6174437F700288D1A /* info.png */,
				59429CE7174437F700288D1A /* info@2x.png */,
				59429CE8174437F700288D1A /* 83-calendar.png */,
				59429CE9174437F700288D1A /* 83-calendar@2x.png */,
				59429CEA174437F700288D1A /* reload.png */,
				59429CEB174437F700288D1A /* arrowleft.png */,
				59429CEC174437F700288D1A /* arrowright.png */,
				59429CED174437F700288D1A /* Radio-Tower@2x.png */,
				59429CEE174437F700288D1A /* Radio-Tower.png */,
				59429CA7174437D000288D1A /* list_bullets_icon&24.png */,
				59429CA8174437D000288D1A /* list_bullets_icon&24@2x.png */,
			);
			name = images;
			sourceTree = "<group>";
		};
/* End PBXGroup section */

/* Begin PBXNativeTarget section */
		59697F5D15C180E400B3650C /* triquencyforiphone */ = {
			isa = PBXNativeTarget;
			buildConfigurationList = 59697F8715C180E400B3650C /* Build configuration list for PBXNativeTarget "triquencyforiphone" */;
			buildPhases = (
				59697F5A15C180E400B3650C /* Sources */,
				59697F5B15C180E400B3650C /* Frameworks */,
				59697F5C15C180E400B3650C /* Resources */,
			);
			buildRules = (
				591D79DB15C2C48200A662C9 /* PBXBuildRule */,
			);
			dependencies = (
			);
			name = triquencyforiphone;
			productName = triquencyforiphone;
			productReference = 59697F5E15C180E400B3650C /* Triquency.app */;
			productType = "com.apple.product-type.application";
		};
/* End PBXNativeTarget section */

/* Begin PBXProject section */
		59697F5515C180E400B3650C /* Project object */ = {
			isa = PBXProject;
			attributes = {
				LastUpgradeCheck = 0460;
				ORGANIZATIONNAME = "Christoph Wolff";
			};
			buildConfigurationList = 59697F5815C180E400B3650C /* Build configuration list for PBXProject "triquencyforiphone" */;
			compatibilityVersion = "Xcode 3.2";
			developmentRegion = English;
			hasScannedForEncodings = 0;
			knownRegions = (
				en,
				de,
				Base,
			);
			mainGroup = 59697F5315C180E400B3650C;
			productRefGroup = 59697F5F15C180E400B3650C /* Products */;
			projectDirPath = "";
			projectRoot = "";
			targets = (
				59697F5D15C180E400B3650C /* triquencyforiphone */,
			);
		};
/* End PBXProject section */

/* Begin PBXResourcesBuildPhase section */
		59697F5C15C180E400B3650C /* Resources */ = {
			isa = PBXResourcesBuildPhase;
			buildActionMask = 2147483647;
			files = (
				59429CEF174437F700288D1A /* albumCoverTriquency.png in Resources */,
				59429CF0174437F700288D1A /* albumCoverTriquency@2x.png in Resources */,
				59429CF1174437F700288D1A /* logoInfo.png in Resources */,
				59429CF2174437F700288D1A /* logoInfo@2x.png in Resources */,
				59429CF3174437F700288D1A /* footer.png in Resources */,
				59429CF4174437F700288D1A /* footer@2x.png in Resources */,
				59429CF5174437F700288D1A /* Default-568h@2x.png in Resources */,
				59429CF6174437F700288D1A /* Default-568hBG@2x.png in Resources */,
				59429CF7174437F700288D1A /* Default@2x.png in Resources */,
				59429CF8174437F700288D1A /* Default.png in Resources */,
				59429CF9174437F700288D1A /* logoliveNu.png in Resources */,
				59429CFA174437F700288D1A /* logoliveNu@2x.png in Resources */,
				59429CFB174437F700288D1A /* DefaultBG.png in Resources */,
				59429CFC174437F700288D1A /* DefaultBG@2x.png in Resources */,
				59429CFD174437F700288D1A /* loadingouter.png in Resources */,
				59429CFE174437F700288D1A /* play_btn.png in Resources */,
				59429CFF174437F700288D1A /* pause_btn.png in Resources */,
				59429D00174437F700288D1A /* loading_btn.png in Resources */,
				59429D01174437F700288D1A /* headerstart.png in Resources */,
				59429D02174437F700288D1A /* mystopbutton.png in Resources */,
				59429D03174437F700288D1A /* mystopbutton@2x.png in Resources */,
				59429D04174437F700288D1A /* iTunesArtwork.png in Resources */,
				59429D05174437F700288D1A /* Icon-72.png in Resources */,
				59429D06174437F700288D1A /* Icon-72@2x.png in Resources */,
				59429D07174437F700288D1A /* Icon-Small-50.png in Resources */,
				59429D08174437F700288D1A /* Icon-Small-50@2x.png in Resources */,
				59429D09174437F700288D1A /* Icon-Small.png in Resources */,
				59429D0A174437F700288D1A /* Icon-Small@2x.png in Resources */,
				59429D0B174437F700288D1A /* Icon.png in Resources */,
				59429D0C174437F700288D1A /* Icon@2x.png in Resources */,
				59429D0D174437F700288D1A /* iTunesArtwork@2x.png in Resources */,
				59429D0E174437F700288D1A /* Facebook@2x.png in Resources */,
				59429D0F174437F700288D1A /* Facebook.png in Resources */,
				59429D10174437F700288D1A /* Twitter.png in Resources */,
				59429D11174437F700288D1A /* Twitter@2x.png in Resources */,
				59429D12174437F700288D1A /* 37x-Checkmark.png in Resources */,
				59429D13174437F700288D1A /* 37x-Checkmark@2x.png in Resources */,
				59429D15174437F700288D1A /* f_logo.png in Resources */,
				59429D16174437F700288D1A /* twitter-bird-light-bgs.png in Resources */,
				59429D17174437F700288D1A /* Calendar-iconTriquency.png in Resources */,
				59429D18174437F700288D1A /* loading_btn@2x.png in Resources */,
				59429D19174437F700288D1A /* loadingouter@2x.png in Resources */,
				59429D1A174437F700288D1A /* pause_btn@2x.png in Resources */,
				59429D1B174437F700288D1A /* play_btn@2x.png in Resources */,
				59429D1C174437F700288D1A /* cell_bottom.png in Resources */,
				59429D1D174437F700288D1A /* cell_middle.png in Resources */,
				59429D1E174437F700288D1A /* cell_top.png in Resources */,
				59429D1F174437F700288D1A /* cell_bottom@2x.png in Resources */,
				59429D20174437F700288D1A /* cell_top@2x.png in Resources */,
				59429D21174437F700288D1A /* cell_middle@2x.png in Resources */,
				59429D22174437F700288D1A /* cell_top_tile.png in Resources */,
				59429D23174437F700288D1A /* subtle_carbon.png in Resources */,
				59429D24174437F700288D1A /* subtle_carbon@2X.png in Resources */,
				59429D25174437F700288D1A /* mypausebutton.png in Resources */,
				59429D26174437F700288D1A /* mypausebutton@2x.png in Resources */,
				59429D27174437F700288D1A /* myplaybutton.png in Resources */,
				59429D28174437F700288D1A /* myplaybutton@2x.png in Resources */,
				59429D29174437F700288D1A /* pausebutton@2x.png in Resources */,
				59429D2A174437F700288D1A /* info.png in Resources */,
				59429D2B174437F700288D1A /* info@2x.png in Resources */,
				59429D2C174437F700288D1A /* 83-calendar.png in Resources */,
				59429D2D174437F700288D1A /* 83-calendar@2x.png in Resources */,
				59429D2E174437F700288D1A /* reload.png in Resources */,
				59429D2F174437F700288D1A /* arrowleft.png in Resources */,
				59429D30174437F700288D1A /* arrowright.png in Resources */,
				59429D31174437F700288D1A /* Radio-Tower@2x.png in Resources */,
				59429D32174437F700288D1A /* Radio-Tower.png in Resources */,
				59429CA9174437D000288D1A /* list_bullets_icon&24.png in Resources */,
				59429CAA174437D000288D1A /* list_bullets_icon&24@2x.png in Resources */,
				59DE510C173C29D3008FD932 /* Localizable.strings in Resources */,
				59B053DA173C386900A48B51 /* MainStoryboard.storyboard in Resources */,
			);
			runOnlyForDeploymentPostprocessing = 0;
		};
/* End PBXResourcesBuildPhase section */

/* Begin PBXSourcesBuildPhase section */
		59697F5A15C180E400B3650C /* Sources */ = {
			isa = PBXSourcesBuildPhase;
			buildActionMask = 2147483647;
			files = (
				59F41918173BB0E000E214B8 /* CKParagraphStyle.m in Sources */,
				59F41914173BB08E00E214B8 /* CKRefreshArrowView.m in Sources */,
				59F41910173BB01C00E214B8 /* CKRefreshControl.m in Sources */,
				59F418FF173A274800E214B8 /* MBProgressHUD.m in Sources */,
				5900098D17213417009A72A5 /* Reachability.m in Sources */,
				59697F6F15C180E400B3650C /* main.m in Sources */,
				59697F7315C180E400B3650C /* AppDelegate.m in Sources */,
				59697F7915C180E400B3650C /* FirstViewController.m in Sources */,
				59697F8015C180E400B3650C /* TwitterViewController.m in Sources */,
				5979062815C7AEE20040DE72 /* playlistViewController.m in Sources */,
				595A42FF1625C8D600D0193D /* ISO8601DateFormatter.m in Sources */,
				595A43081625C8F200D0193D /* GoogCal.m in Sources */,
				595A430B1625D6B600D0193D /* ProgrammViewController.m in Sources */,
				59000964171F03F7009A72A5 /* playlistSong.m in Sources */,
				599E90581721924B00AAE6B1 /* FacebookViewController.m in Sources */,
				59E82DF6173145FE00602D06 /* InfoViewController.m in Sources */,
			);
			runOnlyForDeploymentPostprocessing = 0;
		};
/* End PBXSourcesBuildPhase section */

/* Begin PBXVariantGroup section */
		59B053DC173C386900A48B51 /* MainStoryboard.storyboard */ = {
			isa = PBXVariantGroup;
			children = (
				59B053DB173C386900A48B51 /* en */,
				59B053E2173C3F2000A48B51 /* de */,
			);
			name = MainStoryboard.storyboard;
			sourceTree = "<group>";
		};
		59DE510E173C29D3008FD932 /* Localizable.strings */ = {
			isa = PBXVariantGroup;
			children = (
				59DE510D173C29D3008FD932 /* en */,
				59DE5115173C2B2C008FD932 /* de */,
			);
			name = Localizable.strings;
			sourceTree = "<group>";
		};
/* End PBXVariantGroup section */

/* Begin XCBuildConfiguration section */
		59697F8515C180E400B3650C /* Debug */ = {
			isa = XCBuildConfiguration;
			buildSettings = {
				ALWAYS_SEARCH_USER_PATHS = NO;
				ARCHS = "$(ARCHS_STANDARD_32_BIT)";
				CLANG_CXX_LANGUAGE_STANDARD = "gnu++0x";
				CLANG_ENABLE_OBJC_ARC = YES;
				CLANG_WARN_CONSTANT_CONVERSION = YES;
				CLANG_WARN_ENUM_CONVERSION = YES;
				CLANG_WARN_INT_CONVERSION = YES;
				CLANG_WARN__DUPLICATE_METHOD_MATCH = YES;
				CODE_SIGN_IDENTITY = "iPhone Distribution: Christoph Wolff";
				"CODE_SIGN_IDENTITY[sdk=iphoneos*]" = "iPhone Developer";
				COPY_PHASE_STRIP = NO;
				GCC_C_LANGUAGE_STANDARD = gnu99;
				GCC_DYNAMIC_NO_PIC = NO;
				GCC_OPTIMIZATION_LEVEL = 0;
				GCC_PREPROCESSOR_DEFINITIONS = (
					"DEBUG=1",
					"$(inherited)",
				);
				GCC_SYMBOLS_PRIVATE_EXTERN = NO;
				GCC_VERSION = com.apple.compilers.llvm.clang.1_0;
				GCC_WARN_ABOUT_RETURN_TYPE = YES;
				GCC_WARN_UNINITIALIZED_AUTOS = YES;
				GCC_WARN_UNUSED_VARIABLE = YES;
				IPHONEOS_DEPLOYMENT_TARGET = 5.0;
				PROVISIONING_PROFILE = "E403D5DE-E536-41BF-A6C3-7206FB0FBC3B";
				SDKROOT = iphoneos;
			};
			name = Debug;
		};
		59697F8615C180E400B3650C /* Release */ = {
			isa = XCBuildConfiguration;
			buildSettings = {
				ALWAYS_SEARCH_USER_PATHS = NO;
				ARCHS = "$(ARCHS_STANDARD_32_BIT)";
				CLANG_CXX_LANGUAGE_STANDARD = "gnu++0x";
				CLANG_ENABLE_OBJC_ARC = YES;
				CLANG_WARN_CONSTANT_CONVERSION = YES;
				CLANG_WARN_ENUM_CONVERSION = YES;
				CLANG_WARN_INT_CONVERSION = YES;
				CLANG_WARN__DUPLICATE_METHOD_MATCH = YES;
				CODE_SIGN_IDENTITY = "iPhone Distribution: Christoph Wolff";
				"CODE_SIGN_IDENTITY[sdk=iphoneos*]" = "iPhone Distribution";
				COPY_PHASE_STRIP = YES;
				GCC_C_LANGUAGE_STANDARD = gnu99;
				GCC_VERSION = com.apple.compilers.llvm.clang.1_0;
				GCC_WARN_ABOUT_RETURN_TYPE = YES;
				GCC_WARN_UNINITIALIZED_AUTOS = YES;
				GCC_WARN_UNUSED_VARIABLE = YES;
				IPHONEOS_DEPLOYMENT_TARGET = 5.0;
				OTHER_CFLAGS = "-DNS_BLOCK_ASSERTIONS=1";
				PROVISIONING_PROFILE = "E403D5DE-E536-41BF-A6C3-7206FB0FBC3B";
				"PROVISIONING_PROFILE[sdk=iphoneos*]" = "";
				SDKROOT = iphoneos;
				VALIDATE_PRODUCT = YES;
			};
			name = Release;
		};
		59697F8815C180E400B3650C /* Debug */ = {
			isa = XCBuildConfiguration;
			buildSettings = {
				CODE_SIGN_IDENTITY = "iPhone Developer: Christoph Wolff (47PT4L2R6D)";
				"CODE_SIGN_IDENTITY[sdk=iphoneos*]" = "iPhone Developer: Christoph Wolff (47PT4L2R6D)";
				FRAMEWORK_SEARCH_PATHS = (
					"$(inherited)",
					"\"$(SYSTEM_APPS_DIR)/Xcode.app/Contents/Developer/Library/Frameworks\"",
				);
				GCC_PRECOMPILE_PREFIX_HEADER = YES;
				GCC_PREFIX_HEADER = "triquencyforiphone/triquencyforiphone-Prefix.pch";
				INFOPLIST_FILE = "triquencyforiphone/triquencyforiphone-Info.plist";
				IPHONEOS_DEPLOYMENT_TARGET = 5.0;
				MACH_O_TYPE = mh_execute;
				OTHER_LDFLAGS = "-ObjC";
				PRODUCT_NAME = Triquency;
				PROVISIONING_PROFILE = "BEB1FFC8-A9DC-4E11-B2F2-B54986EC24AC";
				"PROVISIONING_PROFILE[sdk=iphoneos*]" = "BEB1FFC8-A9DC-4E11-B2F2-B54986EC24AC";
				TARGETED_DEVICE_FAMILY = 1;
				WRAPPER_EXTENSION = app;
			};
			name = Debug;
		};
		59697F8915C180E400B3650C /* Release */ = {
			isa = XCBuildConfiguration;
			buildSettings = {
				CODE_SIGN_IDENTITY = "iPhone Developer: Christoph Wolff (47PT4L2R6D)";
				"CODE_SIGN_IDENTITY[sdk=iphoneos*]" = "iPhone Developer: Christoph Wolff (47PT4L2R6D)";
				FRAMEWORK_SEARCH_PATHS = (
					"$(inherited)",
					"\"$(SYSTEM_APPS_DIR)/Xcode.app/Contents/Developer/Library/Frameworks\"",
				);
				GCC_PRECOMPILE_PREFIX_HEADER = YES;
				GCC_PREFIX_HEADER = "triquencyforiphone/triquencyforiphone-Prefix.pch";
				INFOPLIST_FILE = "triquencyforiphone/triquencyforiphone-Info.plist";
				IPHONEOS_DEPLOYMENT_TARGET = 5.0;
				MACH_O_TYPE = mh_execute;
				OTHER_LDFLAGS = "-ObjC";
				PRODUCT_NAME = Triquency;
				PROVISIONING_PROFILE = "BEB1FFC8-A9DC-4E11-B2F2-B54986EC24AC";
				"PROVISIONING_PROFILE[sdk=iphoneos*]" = "BEB1FFC8-A9DC-4E11-B2F2-B54986EC24AC";
				TARGETED_DEVICE_FAMILY = 1;
				WRAPPER_EXTENSION = app;
			};
			name = Release;
		};
/* End XCBuildConfiguration section */

/* Begin XCConfigurationList section */
		59697F5815C180E400B3650C /* Build configuration list for PBXProject "triquencyforiphone" */ = {
			isa = XCConfigurationList;
			buildConfigurations = (
				59697F8515C180E400B3650C /* Debug */,
				59697F8615C180E400B3650C /* Release */,
			);
			defaultConfigurationIsVisible = 0;
			defaultConfigurationName = Release;
		};
		59697F8715C180E400B3650C /* Build configuration list for PBXNativeTarget "triquencyforiphone" */ = {
			isa = XCConfigurationList;
			buildConfigurations = (
				59697F8815C180E400B3650C /* Debug */,
				59697F8915C180E400B3650C /* Release */,
			);
			defaultConfigurationIsVisible = 0;
			defaultConfigurationName = Release;
		};
/* End XCConfigurationList section */
	};
	rootObject = 59697F5515C180E400B3650C /* Project object */;
}
